{
  "version": 4,
  "terraform_version": "1.1.3",
  "serial": 53,
  "lineage": "08be0538-a278-8f32-e3ff-2fd466efbd85",
  "outputs": {
    "cluster_endpoint": {
      "value": "https://A8187AEFBA3FF53FC98B27471917580B.sk1.cn-north-1.eks.amazonaws.com.cn",
      "type": "string"
    },
    "cluster_id": {
      "value": "terraform-eks-zjJ4LpE0",
      "type": "string"
    },
    "cluster_name": {
      "value": "terraform-eks-zjJ4LpE0",
      "type": "string"
    },
    "cluster_security_group_id": {
      "value": "sg-001210dd814e4f3ad",
      "type": "string"
    },
    "config_map_aws_auth": {
      "value": [
        {
          "binary_data": null,
          "data": {
            "mapAccounts": "[]\n",
            "mapRoles": "- \"groups\":\n  - \"system:bootstrappers\"\n  - \"system:nodes\"\n  \"rolearn\": \"arn:aws-cn:iam::287439122014:role/terraform-eks-zjJ4LpE02022021813261348820000000e\"\n  \"username\": \"system:node:{{EC2PrivateDNSName}}\"\n",
            "mapUsers": "[]\n"
          },
          "id": "kube-system/aws-auth",
          "metadata": [
            {
              "annotations": null,
              "generate_name": "",
              "generation": 0,
              "labels": {
                "app.kubernetes.io/managed-by": "Terraform",
                "terraform.io/module": "terraform-aws-modules.eks.aws"
              },
              "name": "aws-auth",
              "namespace": "kube-system",
              "resource_version": "704",
              "uid": "35a4ceed-dedf-4f2f-8366-5524eb6d1731"
            }
          ]
        }
      ],
      "type": [
        "tuple",
        [
          [
            "object",
            {
              "binary_data": [
                "map",
                "string"
              ],
              "data": [
                "map",
                "string"
              ],
              "id": "string",
              "metadata": [
                "list",
                [
                  "object",
                  {
                    "annotations": [
                      "map",
                      "string"
                    ],
                    "generate_name": "string",
                    "generation": "number",
                    "labels": [
                      "map",
                      "string"
                    ],
                    "name": "string",
                    "namespace": "string",
                    "resource_version": "string",
                    "uid": "string"
                  }
                ]
              ]
            }
          ]
        ]
      ]
    },
    "kubectl_config": {
      "value": "apiVersion: v1\npreferences: {}\nkind: Config\n\nclusters:\n- cluster:\n    server: https://A8187AEFBA3FF53FC98B27471917580B.sk1.cn-north-1.eks.amazonaws.com.cn\n    certificate-authority-data: LS0tLS1CRUdJTiBDRVJUSUZJQ0FURS0tLS0tCk1JSUM1ekNDQWMrZ0F3SUJBZ0lCQURBTkJna3Foa2lHOXcwQkFRc0ZBREFWTVJNd0VRWURWUVFERXdwcmRXSmwKY201bGRHVnpNQjRYRFRJeU1ESXhPREV6TWpNeU0xb1hEVE15TURJeE5qRXpNak15TTFvd0ZURVRNQkVHQTFVRQpBeE1LYTNWaVpYSnVaWFJsY3pDQ0FTSXdEUVlKS29aSWh2Y05BUUVCQlFBRGdnRVBBRENDQVFvQ2dnRUJBS3UxCjNEemJ1L2I4OUpoSzQyd05jTmwrMi9HbkRON3cxczdwSVYvNVBYUWlvWVNTQlRBZnJQcnM1UUlvYXdyR01uK0MKRUhOZklkRWxLR2IycGJtdFFWRzUvKzVxV0FpRGhkVlgrU0NKQURTYkZpbVlHZHVEK095dzFzTUtaSDRHY3JuWAo2bHFvQk5tSHg3T2NmOWtSWVBGNkd0a0VCUVN1b1dIYUtUS2FkUEVodjV5bnVLYjVmdmtKc3dLOXRGSDVHdFMxCm1Td0o5WjlHQmdRTE5Vckc0R2ZDM2JXSzBOQmZTY2FXaHdJRDdVZUNGWkE0emJJNythcHZmeFYzOVdKUC8rdkMKMnhnRTcyYzBscHVNUUtuSVJLajRWT0xHeE13ZjlETXAxbzFLdWEzZ3Q0YUZzWjFHSENvZXliNzM1UjcwTDJIcwpXalpiVVh6WHVseGd1RmpUemJNQ0F3RUFBYU5DTUVBd0RnWURWUjBQQVFIL0JBUURBZ0trTUE4R0ExVWRFd0VCCi93UUZNQU1CQWY4d0hRWURWUjBPQkJZRUZDdU9LTW9JV2tjbm5HU1QxaFJtZk9mOTBZVUJNQTBHQ1NxR1NJYjMKRFFFQkN3VUFBNElCQVFBWS81OEJISFRQb2MzNHJtYXBRK3c2NzAxRXU2VDBrcHRSMTZsemRYVDZ1RTJGeHUyNwpqQXpnZVBwdExVZ2tSUXRPVlpNMVgvTnNIeVNlWkNVMC9qYnRhZ1pFN3ZRcUI0Y0Y4b3VkTjhBRkd6RVlBLytECld5SUZMU0p3NjJhUktieWtkRXpYbnFmQkE0YWZXQmJUVXlnSEdJNjFnTEdPQjJxUG44WmJGemJqWXpTOGJuTE0KNnJFNnROK3g4WGtyV2ZFcmRiS1dRbC9keTd2U0dNazFJS09MeDZpYmpJZ2o2aWY4OE16b0ZRcC81QXRCbVJRcAowZS9qVlBWN2I0bjRlRkI2L3RFcnhJaFBtVGJOdlFpMkhjdUtObEc0S1VQOGF2blVqUDg5NXpVc1MvVTZWQnRJCldLM1lHRWpVQ3dvZDFnTXd4OGpuMVhNUlJKenVHblk1MmtPcQotLS0tLUVORCBDRVJUSUZJQ0FURS0tLS0tCg==\n  name: eks_terraform-eks-zjJ4LpE0\n\ncontexts:\n- context:\n    cluster: eks_terraform-eks-zjJ4LpE0\n    user: eks_terraform-eks-zjJ4LpE0\n  name: eks_terraform-eks-zjJ4LpE0\n\ncurrent-context: eks_terraform-eks-zjJ4LpE0\n\nusers:\n- name: eks_terraform-eks-zjJ4LpE0\n  user:\n    exec:\n      apiVersion: client.authentication.k8s.io/v1alpha1\n      command: aws-iam-authenticator\n      args:\n        - \"token\"\n        - \"-i\"\n        - \"terraform-eks-zjJ4LpE0\"\n",
      "type": "string"
    },
    "region": {
      "value": "cn-north-1",
      "type": "string"
    }
  },
  "resources": [
    {
      "mode": "data",
      "type": "aws_availability_zones",
      "name": "available",
      "provider": "provider[\"registry.terraform.io/hashicorp/aws\"]",
      "instances": [
        {
          "schema_version": 0,
          "attributes": {
            "all_availability_zones": null,
            "exclude_names": null,
            "exclude_zone_ids": null,
            "filter": null,
            "group_names": [
              "cn-north-1"
            ],
            "id": "cn-north-1",
            "names": [
              "cn-north-1a",
              "cn-north-1b",
              "cn-north-1d"
            ],
            "state": null,
            "zone_ids": [
              "cnn1-az1",
              "cnn1-az2",
              "cnn1-az4"
            ]
          },
          "sensitive_attributes": []
        }
      ]
    },
    {
      "mode": "data",
      "type": "aws_eks_cluster",
      "name": "cluster",
      "provider": "provider[\"registry.terraform.io/hashicorp/aws\"]",
      "instances": [
        {
          "schema_version": 0,
          "attributes": {
            "arn": "arn:aws-cn:eks:cn-north-1:287439122014:cluster/terraform-eks-zjJ4LpE0",
            "certificate_authority": [
              {
                "data": "LS0tLS1CRUdJTiBDRVJUSUZJQ0FURS0tLS0tCk1JSUM1ekNDQWMrZ0F3SUJBZ0lCQURBTkJna3Foa2lHOXcwQkFRc0ZBREFWTVJNd0VRWURWUVFERXdwcmRXSmwKY201bGRHVnpNQjRYRFRJeU1ESXhPREV6TWpNeU0xb1hEVE15TURJeE5qRXpNak15TTFvd0ZURVRNQkVHQTFVRQpBeE1LYTNWaVpYSnVaWFJsY3pDQ0FTSXdEUVlKS29aSWh2Y05BUUVCQlFBRGdnRVBBRENDQVFvQ2dnRUJBS3UxCjNEemJ1L2I4OUpoSzQyd05jTmwrMi9HbkRON3cxczdwSVYvNVBYUWlvWVNTQlRBZnJQcnM1UUlvYXdyR01uK0MKRUhOZklkRWxLR2IycGJtdFFWRzUvKzVxV0FpRGhkVlgrU0NKQURTYkZpbVlHZHVEK095dzFzTUtaSDRHY3JuWAo2bHFvQk5tSHg3T2NmOWtSWVBGNkd0a0VCUVN1b1dIYUtUS2FkUEVodjV5bnVLYjVmdmtKc3dLOXRGSDVHdFMxCm1Td0o5WjlHQmdRTE5Vckc0R2ZDM2JXSzBOQmZTY2FXaHdJRDdVZUNGWkE0emJJNythcHZmeFYzOVdKUC8rdkMKMnhnRTcyYzBscHVNUUtuSVJLajRWT0xHeE13ZjlETXAxbzFLdWEzZ3Q0YUZzWjFHSENvZXliNzM1UjcwTDJIcwpXalpiVVh6WHVseGd1RmpUemJNQ0F3RUFBYU5DTUVBd0RnWURWUjBQQVFIL0JBUURBZ0trTUE4R0ExVWRFd0VCCi93UUZNQU1CQWY4d0hRWURWUjBPQkJZRUZDdU9LTW9JV2tjbm5HU1QxaFJtZk9mOTBZVUJNQTBHQ1NxR1NJYjMKRFFFQkN3VUFBNElCQVFBWS81OEJISFRQb2MzNHJtYXBRK3c2NzAxRXU2VDBrcHRSMTZsemRYVDZ1RTJGeHUyNwpqQXpnZVBwdExVZ2tSUXRPVlpNMVgvTnNIeVNlWkNVMC9qYnRhZ1pFN3ZRcUI0Y0Y4b3VkTjhBRkd6RVlBLytECld5SUZMU0p3NjJhUktieWtkRXpYbnFmQkE0YWZXQmJUVXlnSEdJNjFnTEdPQjJxUG44WmJGemJqWXpTOGJuTE0KNnJFNnROK3g4WGtyV2ZFcmRiS1dRbC9keTd2U0dNazFJS09MeDZpYmpJZ2o2aWY4OE16b0ZRcC81QXRCbVJRcAowZS9qVlBWN2I0bjRlRkI2L3RFcnhJaFBtVGJOdlFpMkhjdUtObEc0S1VQOGF2blVqUDg5NXpVc1MvVTZWQnRJCldLM1lHRWpVQ3dvZDFnTXd4OGpuMVhNUlJKenVHblk1MmtPcQotLS0tLUVORCBDRVJUSUZJQ0FURS0tLS0tCg=="
              }
            ],
            "created_at": "2022-02-18 13:17:26.482 +0000 UTC",
            "enabled_cluster_log_types": [],
            "endpoint": "https://A8187AEFBA3FF53FC98B27471917580B.sk1.cn-north-1.eks.amazonaws.com.cn",
            "id": "terraform-eks-zjJ4LpE0",
            "identity": [
              {
                "oidc": [
                  {
                    "issuer": "https://oidc.eks.cn-north-1.amazonaws.com.cn/id/A8187AEFBA3FF53FC98B27471917580B"
                  }
                ]
              }
            ],
            "kubernetes_network_config": [
              {
                "ip_family": "ipv4",
                "service_ipv4_cidr": "172.20.0.0/16"
              }
            ],
            "name": "terraform-eks-zjJ4LpE0",
            "platform_version": "eks.3",
            "role_arn": "arn:aws-cn:iam::287439122014:role/terraform-eks-zjJ4LpE020220218131707292600000003",
            "status": "ACTIVE",
            "tags": {},
            "version": "1.20",
            "vpc_config": [
              {
                "cluster_security_group_id": "sg-0d6dcf11805b5c1b9",
                "endpoint_private_access": false,
                "endpoint_public_access": true,
                "public_access_cidrs": [
                  "0.0.0.0/0"
                ],
                "security_group_ids": [
                  "sg-001210dd814e4f3ad"
                ],
                "subnet_ids": [
                  "subnet-01eb9cf399d1264e4",
                  "subnet-04ec5cb003e9c2008"
                ],
                "vpc_id": "vpc-0095bfbc92bd3e5a2"
              }
            ]
          },
          "sensitive_attributes": []
        }
      ]
    },
    {
      "mode": "data",
      "type": "aws_eks_cluster_auth",
      "name": "cluster",
      "provider": "provider[\"registry.terraform.io/hashicorp/aws\"]",
      "instances": [
        {
          "schema_version": 0,
          "attributes": {
            "id": "terraform-eks-zjJ4LpE0",
            "name": "terraform-eks-zjJ4LpE0",
            "token": "k8s-aws-v1.aHR0cHM6Ly9zdHMuY24tbm9ydGgtMS5hbWF6b25hd3MuY29tLmNuLz9BY3Rpb249R2V0Q2FsbGVySWRlbnRpdHkmVmVyc2lvbj0yMDExLTA2LTE1JlgtQW16LUFsZ29yaXRobT1BV1M0LUhNQUMtU0hBMjU2JlgtQW16LUNyZWRlbnRpYWw9QUtJQVVGM0ZVNVpQQkFBWTJLSFAlMkYyMDIyMDIxOCUyRmNuLW5vcnRoLTElMkZzdHMlMkZhd3M0X3JlcXVlc3QmWC1BbXotRGF0ZT0yMDIyMDIxOFQxMzI3MzBaJlgtQW16LUV4cGlyZXM9MCZYLUFtei1TaWduZWRIZWFkZXJzPWhvc3QlM0J4LWs4cy1hd3MtaWQmWC1BbXotU2lnbmF0dXJlPTc3OGI5YzUyZGFjMDYzMzZlM2IxMWQ5NjZkZTQxZGIwMTMxODcxNTE0YTUzZThhMTI2NjdmNjE4NWM4ODgwYjM"
          },
          "sensitive_attributes": []
        }
      ]
    },
    {
      "mode": "managed",
      "type": "aws_security_group",
      "name": "all_worker_mgmt",
      "provider": "provider[\"registry.terraform.io/hashicorp/aws\"]",
      "instances": [
        {
          "schema_version": 1,
          "attributes": {
            "arn": "arn:aws-cn:ec2:cn-north-1:287439122014:security-group/sg-0bc4e4f338afbdfb4",
            "description": "Managed by Terraform",
            "egress": [],
            "id": "sg-0bc4e4f338afbdfb4",
            "ingress": [
              {
                "cidr_blocks": [
                  "10.0.0.0/8",
                  "172.16.0.0/12",
                  "192.168.0.0/16"
                ],
                "description": "",
                "from_port": 22,
                "ipv6_cidr_blocks": [],
                "prefix_list_ids": [],
                "protocol": "tcp",
                "security_groups": [],
                "self": false,
                "to_port": 22
              }
            ],
            "name": "all_worker_management2022021813172040390000000b",
            "name_prefix": "all_worker_management",
            "owner_id": "287439122014",
            "revoke_rules_on_delete": false,
            "tags": null,
            "tags_all": {},
            "timeouts": null,
            "vpc_id": "vpc-0095bfbc92bd3e5a2"
          },
          "sensitive_attributes": [],
          "private": "eyJlMmJmYjczMC1lY2FhLTExZTYtOGY4OC0zNDM2M2JjN2M0YzAiOnsiY3JlYXRlIjo2MDAwMDAwMDAwMDAsImRlbGV0ZSI6OTAwMDAwMDAwMDAwfSwic2NoZW1hX3ZlcnNpb24iOiIxIn0=",
          "dependencies": [
            "module.vpc.aws_vpc.this",
            "random_string.suffix"
          ]
        }
      ]
    },
    {
      "mode": "managed",
      "type": "aws_security_group",
      "name": "worker_group_mgmt_one",
      "provider": "provider[\"registry.terraform.io/hashicorp/aws\"]",
      "instances": [
        {
          "schema_version": 1,
          "attributes": {
            "arn": "arn:aws-cn:ec2:cn-north-1:287439122014:security-group/sg-0e95b57d660c5aa38",
            "description": "Managed by Terraform",
            "egress": [],
            "id": "sg-0e95b57d660c5aa38",
            "ingress": [
              {
                "cidr_blocks": [
                  "10.0.0.0/8"
                ],
                "description": "",
                "from_port": 22,
                "ipv6_cidr_blocks": [],
                "prefix_list_ids": [],
                "protocol": "tcp",
                "security_groups": [],
                "self": false,
                "to_port": 22
              }
            ],
            "name": "worker_group_mgmt_one2022021813172040700000000c",
            "name_prefix": "worker_group_mgmt_one",
            "owner_id": "287439122014",
            "revoke_rules_on_delete": false,
            "tags": null,
            "tags_all": {},
            "timeouts": null,
            "vpc_id": "vpc-0095bfbc92bd3e5a2"
          },
          "sensitive_attributes": [],
          "private": "eyJlMmJmYjczMC1lY2FhLTExZTYtOGY4OC0zNDM2M2JjN2M0YzAiOnsiY3JlYXRlIjo2MDAwMDAwMDAwMDAsImRlbGV0ZSI6OTAwMDAwMDAwMDAwfSwic2NoZW1hX3ZlcnNpb24iOiIxIn0=",
          "dependencies": [
            "module.vpc.aws_vpc.this",
            "random_string.suffix"
          ],
          "create_before_destroy": true
        }
      ]
    },
    {
      "mode": "managed",
      "type": "aws_security_group",
      "name": "worker_group_mgmt_two",
      "provider": "provider[\"registry.terraform.io/hashicorp/aws\"]",
      "instances": [
        {
          "schema_version": 1,
          "attributes": {
            "arn": "arn:aws-cn:ec2:cn-north-1:287439122014:security-group/sg-0d65b0970905ba1ea",
            "description": "Managed by Terraform",
            "egress": [],
            "id": "sg-0d65b0970905ba1ea",
            "ingress": [
              {
                "cidr_blocks": [
                  "192.168.0.0/16"
                ],
                "description": "",
                "from_port": 22,
                "ipv6_cidr_blocks": [],
                "prefix_list_ids": [],
                "protocol": "tcp",
                "security_groups": [],
                "self": false,
                "to_port": 22
              }
            ],
            "name": "worker_group_mgmt_two2022021813172040030000000a",
            "name_prefix": "worker_group_mgmt_two",
            "owner_id": "287439122014",
            "revoke_rules_on_delete": false,
            "tags": null,
            "tags_all": {},
            "timeouts": null,
            "vpc_id": "vpc-0095bfbc92bd3e5a2"
          },
          "sensitive_attributes": [],
          "private": "eyJlMmJmYjczMC1lY2FhLTExZTYtOGY4OC0zNDM2M2JjN2M0YzAiOnsiY3JlYXRlIjo2MDAwMDAwMDAwMDAsImRlbGV0ZSI6OTAwMDAwMDAwMDAwfSwic2NoZW1hX3ZlcnNpb24iOiIxIn0=",
          "dependencies": [
            "module.vpc.aws_vpc.this",
            "random_string.suffix"
          ],
          "create_before_destroy": true
        }
      ]
    },
    {
      "mode": "managed",
      "type": "random_string",
      "name": "suffix",
      "provider": "provider[\"registry.terraform.io/hashicorp/random\"]",
      "instances": [
        {
          "schema_version": 1,
          "attributes": {
            "id": "zjJ4LpE0",
            "keepers": null,
            "length": 8,
            "lower": true,
            "min_lower": 0,
            "min_numeric": 0,
            "min_special": 0,
            "min_upper": 0,
            "number": true,
            "override_special": null,
            "result": "zjJ4LpE0",
            "special": false,
            "upper": true
          },
          "sensitive_attributes": [],
          "private": "eyJzY2hlbWFfdmVyc2lvbiI6IjEifQ==",
          "create_before_destroy": true
        }
      ]
    },
    {
      "module": "module.eks",
      "mode": "data",
      "type": "aws_ami",
      "name": "eks_worker",
      "provider": "provider[\"registry.terraform.io/hashicorp/aws\"]",
      "instances": [
        {
          "index_key": 0,
          "schema_version": 0,
          "attributes": {
            "architecture": "x86_64",
            "arn": "arn:aws-cn:ec2:cn-north-1::image/ami-00a39acd765adca15",
            "block_device_mappings": [
              {
                "device_name": "/dev/xvda",
                "ebs": {
                  "delete_on_termination": "true",
                  "encrypted": "false",
                  "iops": "0",
                  "snapshot_id": "snap-0fc43eb65def26dff",
                  "throughput": "0",
                  "volume_size": "20",
                  "volume_type": "gp2"
                },
                "no_device": "",
                "virtual_name": ""
              }
            ],
            "boot_mode": "",
            "creation_date": "2022-02-11T18:04:21.000Z",
            "description": "EKS Kubernetes Worker AMI with AmazonLinux2 image, (k8s: 1.20.11, docker: 20.10.7-5.amzn2, containerd: 1.4.6-7.amzn2)",
            "ena_support": true,
            "executable_users": null,
            "filter": [
              {
                "name": "name",
                "values": [
                  "amazon-eks-node-1.20-v*"
                ]
              }
            ],
            "hypervisor": "xen",
            "id": "ami-00a39acd765adca15",
            "image_id": "ami-00a39acd765adca15",
            "image_location": "amazon/amazon-eks-node-1.20-v20220210",
            "image_owner_alias": "amazon",
            "image_type": "machine",
            "kernel_id": null,
            "most_recent": true,
            "name": "amazon-eks-node-1.20-v20220210",
            "name_regex": null,
            "owner_id": "918309763551",
            "owners": [
              "amazon"
            ],
            "platform": null,
            "platform_details": "Linux/UNIX",
            "product_codes": [],
            "public": true,
            "ramdisk_id": null,
            "root_device_name": "/dev/xvda",
            "root_device_type": "ebs",
            "root_snapshot_id": "snap-0fc43eb65def26dff",
            "sriov_net_support": "simple",
            "state": "available",
            "state_reason": {
              "code": "UNSET",
              "message": "UNSET"
            },
            "tags": {},
            "usage_operation": "RunInstances",
            "virtualization_type": "hvm"
          },
          "sensitive_attributes": []
        }
      ]
    },
    {
      "module": "module.eks",
      "mode": "data",
      "type": "aws_caller_identity",
      "name": "current",
      "provider": "provider[\"registry.terraform.io/hashicorp/aws\"]",
      "instances": [
        {
          "schema_version": 0,
          "attributes": {
            "account_id": "287439122014",
            "arn": "arn:aws-cn:iam::287439122014:user/tiangeli",
            "id": "287439122014",
            "user_id": "AIDAP7TLY6355NDMQHATO"
          },
          "sensitive_attributes": []
        }
      ]
    },
    {
      "module": "module.eks",
      "mode": "data",
      "type": "aws_iam_policy_document",
      "name": "cluster_assume_role_policy",
      "provider": "provider[\"registry.terraform.io/hashicorp/aws\"]",
      "instances": [
        {
          "schema_version": 0,
          "attributes": {
            "id": "2764486067",
            "json": "{\n  \"Version\": \"2012-10-17\",\n  \"Statement\": [\n    {\n      \"Sid\": \"EKSClusterAssumeRole\",\n      \"Effect\": \"Allow\",\n      \"Action\": \"sts:AssumeRole\",\n      \"Principal\": {\n        \"Service\": \"eks.amazonaws.com\"\n      }\n    }\n  ]\n}",
            "override_json": null,
            "override_policy_documents": null,
            "policy_id": null,
            "source_json": null,
            "source_policy_documents": null,
            "statement": [
              {
                "actions": [
                  "sts:AssumeRole"
                ],
                "condition": [],
                "effect": "Allow",
                "not_actions": [],
                "not_principals": [],
                "not_resources": [],
                "principals": [
                  {
                    "identifiers": [
                      "eks.amazonaws.com"
                    ],
                    "type": "Service"
                  }
                ],
                "resources": [],
                "sid": "EKSClusterAssumeRole"
              }
            ],
            "version": "2012-10-17"
          },
          "sensitive_attributes": []
        }
      ]
    },
    {
      "module": "module.eks",
      "mode": "data",
      "type": "aws_iam_policy_document",
      "name": "cluster_deny_log_group",
      "provider": "provider[\"registry.terraform.io/hashicorp/aws\"]",
      "instances": [
        {
          "index_key": 0,
          "schema_version": 0,
          "attributes": {
            "id": "2675893060",
            "json": "{\n  \"Version\": \"2012-10-17\",\n  \"Statement\": [\n    {\n      \"Sid\": \"\",\n      \"Effect\": \"Deny\",\n      \"Action\": \"logs:CreateLogGroup\",\n      \"Resource\": \"*\"\n    }\n  ]\n}",
            "override_json": null,
            "override_policy_documents": null,
            "policy_id": null,
            "source_json": null,
            "source_policy_documents": null,
            "statement": [
              {
                "actions": [
                  "logs:CreateLogGroup"
                ],
                "condition": [],
                "effect": "Deny",
                "not_actions": [],
                "not_principals": [],
                "not_resources": [],
                "principals": [],
                "resources": [
                  "*"
                ],
                "sid": ""
              }
            ],
            "version": "2012-10-17"
          },
          "sensitive_attributes": []
        }
      ]
    },
    {
      "module": "module.eks",
      "mode": "data",
      "type": "aws_iam_policy_document",
      "name": "cluster_elb_sl_role_creation",
      "provider": "provider[\"registry.terraform.io/hashicorp/aws\"]",
      "instances": [
        {
          "index_key": 0,
          "schema_version": 0,
          "attributes": {
            "id": "3709839417",
            "json": "{\n  \"Version\": \"2012-10-17\",\n  \"Statement\": [\n    {\n      \"Sid\": \"\",\n      \"Effect\": \"Allow\",\n      \"Action\": [\n        \"ec2:DescribeInternetGateways\",\n        \"ec2:DescribeAddresses\",\n        \"ec2:DescribeAccountAttributes\"\n      ],\n      \"Resource\": \"*\"\n    }\n  ]\n}",
            "override_json": null,
            "override_policy_documents": null,
            "policy_id": null,
            "source_json": null,
            "source_policy_documents": null,
            "statement": [
              {
                "actions": [
                  "ec2:DescribeAccountAttributes",
                  "ec2:DescribeAddresses",
                  "ec2:DescribeInternetGateways"
                ],
                "condition": [],
                "effect": "Allow",
                "not_actions": [],
                "not_principals": [],
                "not_resources": [],
                "principals": [],
                "resources": [
                  "*"
                ],
                "sid": ""
              }
            ],
            "version": "2012-10-17"
          },
          "sensitive_attributes": []
        }
      ]
    },
    {
      "module": "module.eks",
      "mode": "data",
      "type": "aws_iam_policy_document",
      "name": "workers_assume_role_policy",
      "provider": "provider[\"registry.terraform.io/hashicorp/aws\"]",
      "instances": [
        {
          "schema_version": 0,
          "attributes": {
            "id": "2293303941",
            "json": "{\n  \"Version\": \"2012-10-17\",\n  \"Statement\": [\n    {\n      \"Sid\": \"EKSWorkerAssumeRole\",\n      \"Effect\": \"Allow\",\n      \"Action\": \"sts:AssumeRole\",\n      \"Principal\": {\n        \"Service\": \"ec2.amazonaws.com.cn\"\n      }\n    }\n  ]\n}",
            "override_json": null,
            "override_policy_documents": null,
            "policy_id": null,
            "source_json": null,
            "source_policy_documents": null,
            "statement": [
              {
                "actions": [
                  "sts:AssumeRole"
                ],
                "condition": [],
                "effect": "Allow",
                "not_actions": [],
                "not_principals": [],
                "not_resources": [],
                "principals": [
                  {
                    "identifiers": [
                      "ec2.amazonaws.com.cn"
                    ],
                    "type": "Service"
                  }
                ],
                "resources": [],
                "sid": "EKSWorkerAssumeRole"
              }
            ],
            "version": "2012-10-17"
          },
          "sensitive_attributes": []
        }
      ]
    },
    {
      "module": "module.eks",
      "mode": "data",
      "type": "aws_partition",
      "name": "current",
      "provider": "provider[\"registry.terraform.io/hashicorp/aws\"]",
      "instances": [
        {
          "schema_version": 0,
          "attributes": {
            "dns_suffix": "amazonaws.com.cn",
            "id": "aws-cn",
            "partition": "aws-cn",
            "reverse_dns_prefix": "cn.com.amazonaws"
          },
          "sensitive_attributes": []
        }
      ]
    },
    {
      "module": "module.eks",
      "mode": "data",
      "type": "http",
      "name": "wait_for_cluster",
      "provider": "provider[\"registry.terraform.io/terraform-aws-modules/http\"]",
      "instances": [
        {
          "index_key": 0,
          "schema_version": 0,
          "attributes": {
            "body": "ok",
            "ca_certificate": "-----BEGIN CERTIFICATE-----\nMIIC5zCCAc+gAwIBAgIBADANBgkqhkiG9w0BAQsFADAVMRMwEQYDVQQDEwprdWJl\ncm5ldGVzMB4XDTIyMDIxODEzMjMyM1oXDTMyMDIxNjEzMjMyM1owFTETMBEGA1UE\nAxMKa3ViZXJuZXRlczCCASIwDQYJKoZIhvcNAQEBBQADggEPADCCAQoCggEBAKu1\n3Dzbu/b89JhK42wNcNl+2/GnDN7w1s7pIV/5PXQioYSSBTAfrPrs5QIoawrGMn+C\nEHNfIdElKGb2pbmtQVG5/+5qWAiDhdVX+SCJADSbFimYGduD+Oyw1sMKZH4GcrnX\n6lqoBNmHx7Ocf9kRYPF6GtkEBQSuoWHaKTKadPEhv5ynuKb5fvkJswK9tFH5GtS1\nmSwJ9Z9GBgQLNUrG4GfC3bWK0NBfScaWhwID7UeCFZA4zbI7+apvfxV39WJP/+vC\n2xgE72c0lpuMQKnIRKj4VOLGxMwf9DMp1o1Kua3gt4aFsZ1GHCoeyb735R70L2Hs\nWjZbUXzXulxguFjTzbMCAwEAAaNCMEAwDgYDVR0PAQH/BAQDAgKkMA8GA1UdEwEB\n/wQFMAMBAf8wHQYDVR0OBBYEFCuOKMoIWkcnnGST1hRmfOf90YUBMA0GCSqGSIb3\nDQEBCwUAA4IBAQAY/58BHHTPoc34rmapQ+w6701Eu6T0kptR16lzdXT6uE2Fxu27\njAzgePptLUgkRQtOVZM1X/NsHySeZCU0/jbtagZE7vQqB4cF8oudN8AFGzEYA/+D\nWyIFLSJw62aRKbykdEzXnqfBA4afWBbTUygHGI61gLGOB2qPn8ZbFzbjYzS8bnLM\n6rE6tN+x8XkrWfErdbKWQl/dy7vSGMk1IKOLx6ibjIgj6if88MzoFQp/5AtBmRQp\n0e/jVPV7b4n4eFB6/tErxIhPmTbNvQi2HcuKNlG4KUP8avnUjP895zUsS/U6VBtI\nWK3YGEjUCwod1gMwx8jn1XMRRJzuGnY52kOq\n-----END CERTIFICATE-----\n",
            "id": "https://A8187AEFBA3FF53FC98B27471917580B.sk1.cn-north-1.eks.amazonaws.com.cn/healthz",
            "insecure": false,
            "request_headers": null,
            "response_headers": {
              "Cache-Control": "no-cache, private",
              "Content-Length": "2",
              "Content-Type": "text/plain; charset=utf-8",
              "Date": "Fri, 18 Feb 2022 13:27:30 GMT",
              "X-Content-Type-Options": "nosniff",
              "X-Kubernetes-Pf-Flowschema-Uid": "1b16f462-92f8-4227-b892-193758f4580a",
              "X-Kubernetes-Pf-Prioritylevel-Uid": "80bea9c1-d169-4293-8a00-2d81d76df5e0"
            },
            "timeout": 300,
            "url": "https://A8187AEFBA3FF53FC98B27471917580B.sk1.cn-north-1.eks.amazonaws.com.cn/healthz"
          },
          "sensitive_attributes": []
        }
      ]
    },
    {
      "module": "module.eks",
      "mode": "managed",
      "type": "aws_autoscaling_group",
      "name": "workers",
      "provider": "provider[\"registry.terraform.io/hashicorp/aws\"]",
      "instances": [
        {
          "index_key": 0,
          "schema_version": 0,
          "attributes": {
            "arn": "arn:aws-cn:autoscaling:cn-north-1:287439122014:autoScalingGroup:5f7fe4b7-af45-4054-a93c-0ed0472c6022:autoScalingGroupName/terraform-eks-zjJ4LpE0-worker-group-120220218132624676600000016",
            "availability_zones": [
              "cn-north-1a",
              "cn-north-1b"
            ],
            "capacity_rebalance": false,
            "default_cooldown": 300,
            "desired_capacity": 2,
            "enabled_metrics": null,
            "force_delete": false,
            "force_delete_warm_pool": false,
            "health_check_grace_period": 300,
            "health_check_type": "EC2",
            "id": "terraform-eks-zjJ4LpE0-worker-group-120220218132624676600000016",
            "initial_lifecycle_hook": [],
            "instance_refresh": [],
            "launch_configuration": "terraform-eks-zjJ4LpE0-worker-group-120220218132616575100000015",
            "launch_template": [],
            "load_balancers": null,
            "max_instance_lifetime": 0,
            "max_size": 3,
            "metrics_granularity": "1Minute",
            "min_elb_capacity": null,
            "min_size": 1,
            "mixed_instances_policy": [],
            "name": "terraform-eks-zjJ4LpE0-worker-group-120220218132624676600000016",
            "name_prefix": "terraform-eks-zjJ4LpE0-worker-group-1",
            "placement_group": "",
            "protect_from_scale_in": false,
            "service_linked_role_arn": "arn:aws-cn:iam::287439122014:role/aws-service-role/autoscaling.amazonaws.com/AWSServiceRoleForAutoScaling",
            "suspended_processes": [
              "AZRebalance"
            ],
            "tag": [
              {
                "key": "Name",
                "propagate_at_launch": true,
                "value": "terraform-eks-zjJ4LpE0-worker-group-1-eks_asg"
              },
              {
                "key": "k8s.io/cluster/terraform-eks-zjJ4LpE0",
                "propagate_at_launch": true,
                "value": "owned"
              },
              {
                "key": "kubernetes.io/cluster/terraform-eks-zjJ4LpE0",
                "propagate_at_launch": true,
                "value": "owned"
              }
            ],
            "tags": null,
            "target_group_arns": null,
            "termination_policies": [],
            "timeouts": null,
            "vpc_zone_identifier": [
              "subnet-01eb9cf399d1264e4",
              "subnet-04ec5cb003e9c2008"
            ],
            "wait_for_capacity_timeout": "10m",
            "wait_for_elb_capacity": null,
            "warm_pool": []
          },
          "sensitive_attributes": [],
          "private": "eyJlMmJmYjczMC1lY2FhLTExZTYtOGY4OC0zNDM2M2JjN2M0YzAiOnsiZGVsZXRlIjo2MDAwMDAwMDAwMDB9fQ==",
          "dependencies": [
            "aws_security_group.worker_group_mgmt_one",
            "aws_security_group.worker_group_mgmt_two",
            "data.aws_availability_zones.available",
            "module.eks.aws_cloudwatch_log_group.this",
            "module.eks.aws_eks_cluster.this",
            "module.eks.aws_iam_instance_profile.workers",
            "module.eks.aws_iam_role.cluster",
            "module.eks.aws_iam_role.workers",
            "module.eks.aws_iam_role_policy_attachment.cluster_AmazonEKSClusterPolicy",
            "module.eks.aws_iam_role_policy_attachment.cluster_AmazonEKSServicePolicy",
            "module.eks.aws_iam_role_policy_attachment.cluster_AmazonEKSVPCResourceControllerPolicy",
            "module.eks.aws_iam_role_policy_attachment.workers_AmazonEC2ContainerRegistryReadOnly",
            "module.eks.aws_iam_role_policy_attachment.workers_AmazonEKSWorkerNodePolicy",
            "module.eks.aws_iam_role_policy_attachment.workers_AmazonEKS_CNI_Policy",
            "module.eks.aws_iam_role_policy_attachment.workers_additional_policies",
            "module.eks.aws_launch_configuration.workers",
            "module.eks.aws_security_group.cluster",
            "module.eks.aws_security_group.workers",
            "module.eks.aws_security_group_rule.cluster_egress_internet",
            "module.eks.aws_security_group_rule.cluster_https_worker_ingress",
            "module.eks.aws_security_group_rule.cluster_primary_ingress_workers",
            "module.eks.aws_security_group_rule.workers_egress_internet",
            "module.eks.aws_security_group_rule.workers_ingress_cluster",
            "module.eks.aws_security_group_rule.workers_ingress_cluster_https",
            "module.eks.aws_security_group_rule.workers_ingress_cluster_kubelet",
            "module.eks.aws_security_group_rule.workers_ingress_cluster_primary",
            "module.eks.aws_security_group_rule.workers_ingress_self",
            "module.eks.data.aws_ami.eks_worker",
            "module.eks.data.aws_ami.eks_worker_windows",
            "module.eks.data.aws_iam_instance_profile.custom_worker_group_iam_instance_profile",
            "module.eks.data.aws_iam_policy_document.cluster_assume_role_policy",
            "module.eks.data.aws_iam_policy_document.workers_assume_role_policy",
            "module.eks.data.aws_iam_role.custom_cluster_iam_role",
            "module.eks.data.aws_partition.current",
            "module.vpc.aws_subnet.private",
            "module.vpc.aws_vpc.this",
            "module.vpc.aws_vpc_ipv4_cidr_block_association.this",
            "random_string.suffix"
          ],
          "create_before_destroy": true
        },
        {
          "index_key": 1,
          "schema_version": 0,
          "attributes": {
            "arn": "arn:aws-cn:autoscaling:cn-north-1:287439122014:autoScalingGroup:ad15685d-f99c-4d69-bf9f-38eb4f3c7212:autoScalingGroupName/terraform-eks-zjJ4LpE0-worker-group-220220218132624676700000017",
            "availability_zones": [
              "cn-north-1a",
              "cn-north-1b"
            ],
            "capacity_rebalance": false,
            "default_cooldown": 300,
            "desired_capacity": 1,
            "enabled_metrics": null,
            "force_delete": false,
            "force_delete_warm_pool": false,
            "health_check_grace_period": 300,
            "health_check_type": "EC2",
            "id": "terraform-eks-zjJ4LpE0-worker-group-220220218132624676700000017",
            "initial_lifecycle_hook": [],
            "instance_refresh": [],
            "launch_configuration": "terraform-eks-zjJ4LpE0-worker-group-220220218132616574900000014",
            "launch_template": [],
            "load_balancers": null,
            "max_instance_lifetime": 0,
            "max_size": 3,
            "metrics_granularity": "1Minute",
            "min_elb_capacity": null,
            "min_size": 1,
            "mixed_instances_policy": [],
            "name": "terraform-eks-zjJ4LpE0-worker-group-220220218132624676700000017",
            "name_prefix": "terraform-eks-zjJ4LpE0-worker-group-2",
            "placement_group": "",
            "protect_from_scale_in": false,
            "service_linked_role_arn": "arn:aws-cn:iam::287439122014:role/aws-service-role/autoscaling.amazonaws.com/AWSServiceRoleForAutoScaling",
            "suspended_processes": [
              "AZRebalance"
            ],
            "tag": [
              {
                "key": "Name",
                "propagate_at_launch": true,
                "value": "terraform-eks-zjJ4LpE0-worker-group-2-eks_asg"
              },
              {
                "key": "k8s.io/cluster/terraform-eks-zjJ4LpE0",
                "propagate_at_launch": true,
                "value": "owned"
              },
              {
                "key": "kubernetes.io/cluster/terraform-eks-zjJ4LpE0",
                "propagate_at_launch": true,
                "value": "owned"
              }
            ],
            "tags": null,
            "target_group_arns": null,
            "termination_policies": [],
            "timeouts": null,
            "vpc_zone_identifier": [
              "subnet-01eb9cf399d1264e4",
              "subnet-04ec5cb003e9c2008"
            ],
            "wait_for_capacity_timeout": "10m",
            "wait_for_elb_capacity": null,
            "warm_pool": []
          },
          "sensitive_attributes": [],
          "private": "eyJlMmJmYjczMC1lY2FhLTExZTYtOGY4OC0zNDM2M2JjN2M0YzAiOnsiZGVsZXRlIjo2MDAwMDAwMDAwMDB9fQ==",
          "dependencies": [
            "aws_security_group.worker_group_mgmt_one",
            "aws_security_group.worker_group_mgmt_two",
            "data.aws_availability_zones.available",
            "module.eks.aws_cloudwatch_log_group.this",
            "module.eks.aws_eks_cluster.this",
            "module.eks.aws_iam_instance_profile.workers",
            "module.eks.aws_iam_role.cluster",
            "module.eks.aws_iam_role.workers",
            "module.eks.aws_iam_role_policy_attachment.cluster_AmazonEKSClusterPolicy",
            "module.eks.aws_iam_role_policy_attachment.cluster_AmazonEKSServicePolicy",
            "module.eks.aws_iam_role_policy_attachment.cluster_AmazonEKSVPCResourceControllerPolicy",
            "module.eks.aws_iam_role_policy_attachment.workers_AmazonEC2ContainerRegistryReadOnly",
            "module.eks.aws_iam_role_policy_attachment.workers_AmazonEKSWorkerNodePolicy",
            "module.eks.aws_iam_role_policy_attachment.workers_AmazonEKS_CNI_Policy",
            "module.eks.aws_iam_role_policy_attachment.workers_additional_policies",
            "module.eks.aws_launch_configuration.workers",
            "module.eks.aws_security_group.cluster",
            "module.eks.aws_security_group.workers",
            "module.eks.aws_security_group_rule.cluster_egress_internet",
            "module.eks.aws_security_group_rule.cluster_https_worker_ingress",
            "module.eks.aws_security_group_rule.cluster_primary_ingress_workers",
            "module.eks.aws_security_group_rule.workers_egress_internet",
            "module.eks.aws_security_group_rule.workers_ingress_cluster",
            "module.eks.aws_security_group_rule.workers_ingress_cluster_https",
            "module.eks.aws_security_group_rule.workers_ingress_cluster_kubelet",
            "module.eks.aws_security_group_rule.workers_ingress_cluster_primary",
            "module.eks.aws_security_group_rule.workers_ingress_self",
            "module.eks.data.aws_ami.eks_worker",
            "module.eks.data.aws_ami.eks_worker_windows",
            "module.eks.data.aws_iam_instance_profile.custom_worker_group_iam_instance_profile",
            "module.eks.data.aws_iam_policy_document.cluster_assume_role_policy",
            "module.eks.data.aws_iam_policy_document.workers_assume_role_policy",
            "module.eks.data.aws_iam_role.custom_cluster_iam_role",
            "module.eks.data.aws_partition.current",
            "module.vpc.aws_subnet.private",
            "module.vpc.aws_vpc.this",
            "module.vpc.aws_vpc_ipv4_cidr_block_association.this",
            "random_string.suffix"
          ],
          "create_before_destroy": true
        }
      ]
    },
    {
      "module": "module.eks",
      "mode": "managed",
      "type": "aws_eks_cluster",
      "name": "this",
      "provider": "provider[\"registry.terraform.io/hashicorp/aws\"]",
      "instances": [
        {
          "index_key": 0,
          "schema_version": 0,
          "attributes": {
            "arn": "arn:aws-cn:eks:cn-north-1:287439122014:cluster/terraform-eks-zjJ4LpE0",
            "certificate_authority": [
              {
                "data": "LS0tLS1CRUdJTiBDRVJUSUZJQ0FURS0tLS0tCk1JSUM1ekNDQWMrZ0F3SUJBZ0lCQURBTkJna3Foa2lHOXcwQkFRc0ZBREFWTVJNd0VRWURWUVFERXdwcmRXSmwKY201bGRHVnpNQjRYRFRJeU1ESXhPREV6TWpNeU0xb1hEVE15TURJeE5qRXpNak15TTFvd0ZURVRNQkVHQTFVRQpBeE1LYTNWaVpYSnVaWFJsY3pDQ0FTSXdEUVlKS29aSWh2Y05BUUVCQlFBRGdnRVBBRENDQVFvQ2dnRUJBS3UxCjNEemJ1L2I4OUpoSzQyd05jTmwrMi9HbkRON3cxczdwSVYvNVBYUWlvWVNTQlRBZnJQcnM1UUlvYXdyR01uK0MKRUhOZklkRWxLR2IycGJtdFFWRzUvKzVxV0FpRGhkVlgrU0NKQURTYkZpbVlHZHVEK095dzFzTUtaSDRHY3JuWAo2bHFvQk5tSHg3T2NmOWtSWVBGNkd0a0VCUVN1b1dIYUtUS2FkUEVodjV5bnVLYjVmdmtKc3dLOXRGSDVHdFMxCm1Td0o5WjlHQmdRTE5Vckc0R2ZDM2JXSzBOQmZTY2FXaHdJRDdVZUNGWkE0emJJNythcHZmeFYzOVdKUC8rdkMKMnhnRTcyYzBscHVNUUtuSVJLajRWT0xHeE13ZjlETXAxbzFLdWEzZ3Q0YUZzWjFHSENvZXliNzM1UjcwTDJIcwpXalpiVVh6WHVseGd1RmpUemJNQ0F3RUFBYU5DTUVBd0RnWURWUjBQQVFIL0JBUURBZ0trTUE4R0ExVWRFd0VCCi93UUZNQU1CQWY4d0hRWURWUjBPQkJZRUZDdU9LTW9JV2tjbm5HU1QxaFJtZk9mOTBZVUJNQTBHQ1NxR1NJYjMKRFFFQkN3VUFBNElCQVFBWS81OEJISFRQb2MzNHJtYXBRK3c2NzAxRXU2VDBrcHRSMTZsemRYVDZ1RTJGeHUyNwpqQXpnZVBwdExVZ2tSUXRPVlpNMVgvTnNIeVNlWkNVMC9qYnRhZ1pFN3ZRcUI0Y0Y4b3VkTjhBRkd6RVlBLytECld5SUZMU0p3NjJhUktieWtkRXpYbnFmQkE0YWZXQmJUVXlnSEdJNjFnTEdPQjJxUG44WmJGemJqWXpTOGJuTE0KNnJFNnROK3g4WGtyV2ZFcmRiS1dRbC9keTd2U0dNazFJS09MeDZpYmpJZ2o2aWY4OE16b0ZRcC81QXRCbVJRcAowZS9qVlBWN2I0bjRlRkI2L3RFcnhJaFBtVGJOdlFpMkhjdUtObEc0S1VQOGF2blVqUDg5NXpVc1MvVTZWQnRJCldLM1lHRWpVQ3dvZDFnTXd4OGpuMVhNUlJKenVHblk1MmtPcQotLS0tLUVORCBDRVJUSUZJQ0FURS0tLS0tCg=="
              }
            ],
            "created_at": "2022-02-18 13:17:26.482 +0000 UTC",
            "enabled_cluster_log_types": null,
            "encryption_config": [],
            "endpoint": "https://A8187AEFBA3FF53FC98B27471917580B.sk1.cn-north-1.eks.amazonaws.com.cn",
            "id": "terraform-eks-zjJ4LpE0",
            "identity": [
              {
                "oidc": [
                  {
                    "issuer": "https://oidc.eks.cn-north-1.amazonaws.com.cn/id/A8187AEFBA3FF53FC98B27471917580B"
                  }
                ]
              }
            ],
            "kubernetes_network_config": [
              {
                "ip_family": "ipv4",
                "service_ipv4_cidr": "172.20.0.0/16"
              }
            ],
            "name": "terraform-eks-zjJ4LpE0",
            "platform_version": "eks.3",
            "role_arn": "arn:aws-cn:iam::287439122014:role/terraform-eks-zjJ4LpE020220218131707292600000003",
            "status": "ACTIVE",
            "tags": null,
            "tags_all": {},
            "timeouts": {
              "create": "30m",
              "delete": "15m",
              "update": "60m"
            },
            "version": "1.20",
            "vpc_config": [
              {
                "cluster_security_group_id": "sg-0d6dcf11805b5c1b9",
                "endpoint_private_access": false,
                "endpoint_public_access": true,
                "public_access_cidrs": [
                  "0.0.0.0/0"
                ],
                "security_group_ids": [
                  "sg-001210dd814e4f3ad"
                ],
                "subnet_ids": [
                  "subnet-01eb9cf399d1264e4",
                  "subnet-04ec5cb003e9c2008"
                ],
                "vpc_id": "vpc-0095bfbc92bd3e5a2"
              }
            ]
          },
          "sensitive_attributes": [],
          "private": "eyJlMmJmYjczMC1lY2FhLTExZTYtOGY4OC0zNDM2M2JjN2M0YzAiOnsiY3JlYXRlIjoxODAwMDAwMDAwMDAwLCJkZWxldGUiOjkwMDAwMDAwMDAwMCwidXBkYXRlIjozNjAwMDAwMDAwMDAwfX0=",
          "dependencies": [
            "data.aws_availability_zones.available",
            "module.eks.aws_cloudwatch_log_group.this",
            "module.eks.aws_iam_role.cluster",
            "module.eks.aws_iam_role_policy_attachment.cluster_AmazonEKSClusterPolicy",
            "module.eks.aws_iam_role_policy_attachment.cluster_AmazonEKSServicePolicy",
            "module.eks.aws_iam_role_policy_attachment.cluster_AmazonEKSVPCResourceControllerPolicy",
            "module.eks.aws_security_group.cluster",
            "module.eks.aws_security_group.workers",
            "module.eks.aws_security_group_rule.cluster_egress_internet",
            "module.eks.aws_security_group_rule.cluster_https_worker_ingress",
            "module.eks.data.aws_iam_policy_document.cluster_assume_role_policy",
            "module.eks.data.aws_iam_role.custom_cluster_iam_role",
            "module.eks.data.aws_partition.current",
            "module.vpc.aws_subnet.private",
            "module.vpc.aws_vpc.this",
            "module.vpc.aws_vpc_ipv4_cidr_block_association.this",
            "random_string.suffix"
          ],
          "create_before_destroy": true
        }
      ]
    },
    {
      "module": "module.eks",
      "mode": "managed",
      "type": "aws_iam_instance_profile",
      "name": "workers",
      "provider": "provider[\"registry.terraform.io/hashicorp/aws\"]",
      "instances": [
        {
          "index_key": 0,
          "schema_version": 0,
          "attributes": {
            "arn": "arn:aws-cn:iam::287439122014:instance-profile/terraform-eks-zjJ4LpE020220218132615361100000010",
            "create_date": "2022-02-18T13:26:16Z",
            "id": "terraform-eks-zjJ4LpE020220218132615361100000010",
            "name": "terraform-eks-zjJ4LpE020220218132615361100000010",
            "name_prefix": "terraform-eks-zjJ4LpE0",
            "path": "/",
            "role": "terraform-eks-zjJ4LpE02022021813261348820000000e",
            "tags": null,
            "tags_all": {},
            "unique_id": "AIPAUF3FU5ZPADFLI4FIG"
          },
          "sensitive_attributes": [],
          "private": "bnVsbA==",
          "dependencies": [
            "aws_security_group.worker_group_mgmt_one",
            "aws_security_group.worker_group_mgmt_two",
            "data.aws_availability_zones.available",
            "module.eks.aws_cloudwatch_log_group.this",
            "module.eks.aws_eks_cluster.this",
            "module.eks.aws_iam_role.cluster",
            "module.eks.aws_iam_role.workers",
            "module.eks.aws_iam_role_policy_attachment.cluster_AmazonEKSClusterPolicy",
            "module.eks.aws_iam_role_policy_attachment.cluster_AmazonEKSServicePolicy",
            "module.eks.aws_iam_role_policy_attachment.cluster_AmazonEKSVPCResourceControllerPolicy",
            "module.eks.aws_security_group.cluster",
            "module.eks.aws_security_group.workers",
            "module.eks.aws_security_group_rule.cluster_egress_internet",
            "module.eks.aws_security_group_rule.cluster_https_worker_ingress",
            "module.eks.data.aws_iam_policy_document.cluster_assume_role_policy",
            "module.eks.data.aws_iam_policy_document.workers_assume_role_policy",
            "module.eks.data.aws_iam_role.custom_cluster_iam_role",
            "module.eks.data.aws_partition.current",
            "module.vpc.aws_subnet.private",
            "module.vpc.aws_vpc.this",
            "module.vpc.aws_vpc_ipv4_cidr_block_association.this",
            "random_string.suffix"
          ],
          "create_before_destroy": true
        },
        {
          "index_key": 1,
          "schema_version": 0,
          "attributes": {
            "arn": "arn:aws-cn:iam::287439122014:instance-profile/terraform-eks-zjJ4LpE02022021813261535930000000f",
            "create_date": "2022-02-18T13:26:16Z",
            "id": "terraform-eks-zjJ4LpE02022021813261535930000000f",
            "name": "terraform-eks-zjJ4LpE02022021813261535930000000f",
            "name_prefix": "terraform-eks-zjJ4LpE0",
            "path": "/",
            "role": "terraform-eks-zjJ4LpE02022021813261348820000000e",
            "tags": null,
            "tags_all": {},
            "unique_id": "AIPAUF3FU5ZPLYGUKWRUF"
          },
          "sensitive_attributes": [],
          "private": "bnVsbA==",
          "dependencies": [
            "aws_security_group.worker_group_mgmt_one",
            "aws_security_group.worker_group_mgmt_two",
            "data.aws_availability_zones.available",
            "module.eks.aws_cloudwatch_log_group.this",
            "module.eks.aws_eks_cluster.this",
            "module.eks.aws_iam_role.cluster",
            "module.eks.aws_iam_role.workers",
            "module.eks.aws_iam_role_policy_attachment.cluster_AmazonEKSClusterPolicy",
            "module.eks.aws_iam_role_policy_attachment.cluster_AmazonEKSServicePolicy",
            "module.eks.aws_iam_role_policy_attachment.cluster_AmazonEKSVPCResourceControllerPolicy",
            "module.eks.aws_security_group.cluster",
            "module.eks.aws_security_group.workers",
            "module.eks.aws_security_group_rule.cluster_egress_internet",
            "module.eks.aws_security_group_rule.cluster_https_worker_ingress",
            "module.eks.data.aws_iam_policy_document.cluster_assume_role_policy",
            "module.eks.data.aws_iam_policy_document.workers_assume_role_policy",
            "module.eks.data.aws_iam_role.custom_cluster_iam_role",
            "module.eks.data.aws_partition.current",
            "module.vpc.aws_subnet.private",
            "module.vpc.aws_vpc.this",
            "module.vpc.aws_vpc_ipv4_cidr_block_association.this",
            "random_string.suffix"
          ],
          "create_before_destroy": true
        }
      ]
    },
    {
      "module": "module.eks",
      "mode": "managed",
      "type": "aws_iam_policy",
      "name": "cluster_deny_log_group",
      "provider": "provider[\"registry.terraform.io/hashicorp/aws\"]",
      "instances": [
        {
          "index_key": 0,
          "schema_version": 0,
          "attributes": {
            "arn": "arn:aws-cn:iam::287439122014:policy/terraform-eks-zjJ4LpE0-deny-log-group20220218131707290800000001",
            "description": "Deny CreateLogGroup",
            "id": "arn:aws-cn:iam::287439122014:policy/terraform-eks-zjJ4LpE0-deny-log-group20220218131707290800000001",
            "name": "terraform-eks-zjJ4LpE0-deny-log-group20220218131707290800000001",
            "name_prefix": "terraform-eks-zjJ4LpE0-deny-log-group",
            "path": "/",
            "policy": "{\"Statement\":[{\"Action\":\"logs:CreateLogGroup\",\"Effect\":\"Deny\",\"Resource\":\"*\",\"Sid\":\"\"}],\"Version\":\"2012-10-17\"}",
            "policy_id": "ANPAUF3FU5ZPOLWFDYMA6",
            "tags": null,
            "tags_all": {}
          },
          "sensitive_attributes": [],
          "private": "bnVsbA==",
          "dependencies": [
            "module.eks.data.aws_iam_policy_document.cluster_deny_log_group",
            "random_string.suffix"
          ]
        }
      ]
    },
    {
      "module": "module.eks",
      "mode": "managed",
      "type": "aws_iam_policy",
      "name": "cluster_elb_sl_role_creation",
      "provider": "provider[\"registry.terraform.io/hashicorp/aws\"]",
      "instances": [
        {
          "index_key": 0,
          "schema_version": 0,
          "attributes": {
            "arn": "arn:aws-cn:iam::287439122014:policy/terraform-eks-zjJ4LpE0-elb-sl-role-creation20220218131707291400000002",
            "description": "Permissions for EKS to create AWSServiceRoleForElasticLoadBalancing service-linked role",
            "id": "arn:aws-cn:iam::287439122014:policy/terraform-eks-zjJ4LpE0-elb-sl-role-creation20220218131707291400000002",
            "name": "terraform-eks-zjJ4LpE0-elb-sl-role-creation20220218131707291400000002",
            "name_prefix": "terraform-eks-zjJ4LpE0-elb-sl-role-creation",
            "path": "/",
            "policy": "{\"Statement\":[{\"Action\":[\"ec2:DescribeInternetGateways\",\"ec2:DescribeAddresses\",\"ec2:DescribeAccountAttributes\"],\"Effect\":\"Allow\",\"Resource\":\"*\",\"Sid\":\"\"}],\"Version\":\"2012-10-17\"}",
            "policy_id": "ANPAUF3FU5ZPERHCDTBCL",
            "tags": null,
            "tags_all": {}
          },
          "sensitive_attributes": [],
          "private": "bnVsbA==",
          "dependencies": [
            "module.eks.data.aws_iam_policy_document.cluster_elb_sl_role_creation",
            "random_string.suffix"
          ]
        }
      ]
    },
    {
      "module": "module.eks",
      "mode": "managed",
      "type": "aws_iam_role",
      "name": "cluster",
      "provider": "provider[\"registry.terraform.io/hashicorp/aws\"]",
      "instances": [
        {
          "index_key": 0,
          "schema_version": 0,
          "attributes": {
            "arn": "arn:aws-cn:iam::287439122014:role/terraform-eks-zjJ4LpE020220218131707292600000003",
            "assume_role_policy": "{\"Version\":\"2012-10-17\",\"Statement\":[{\"Sid\":\"EKSClusterAssumeRole\",\"Effect\":\"Allow\",\"Principal\":{\"Service\":\"eks.amazonaws.com\"},\"Action\":\"sts:AssumeRole\"}]}",
            "create_date": "2022-02-18T13:17:07Z",
            "description": "",
            "force_detach_policies": true,
            "id": "terraform-eks-zjJ4LpE020220218131707292600000003",
            "inline_policy": [
              {
                "name": "",
                "policy": ""
              }
            ],
            "managed_policy_arns": [],
            "max_session_duration": 3600,
            "name": "terraform-eks-zjJ4LpE020220218131707292600000003",
            "name_prefix": "terraform-eks-zjJ4LpE0",
            "path": "/",
            "permissions_boundary": null,
            "tags": null,
            "tags_all": {},
            "unique_id": "AROAUF3FU5ZPHN7BPOGLV"
          },
          "sensitive_attributes": [],
          "private": "bnVsbA==",
          "dependencies": [
            "module.eks.data.aws_iam_policy_document.cluster_assume_role_policy",
            "random_string.suffix"
          ],
          "create_before_destroy": true
        }
      ]
    },
    {
      "module": "module.eks",
      "mode": "managed",
      "type": "aws_iam_role",
      "name": "workers",
      "provider": "provider[\"registry.terraform.io/hashicorp/aws\"]",
      "instances": [
        {
          "index_key": 0,
          "schema_version": 0,
          "attributes": {
            "arn": "arn:aws-cn:iam::287439122014:role/terraform-eks-zjJ4LpE02022021813261348820000000e",
            "assume_role_policy": "{\"Version\":\"2012-10-17\",\"Statement\":[{\"Sid\":\"EKSWorkerAssumeRole\",\"Effect\":\"Allow\",\"Principal\":{\"Service\":\"ec2.amazonaws.com.cn\"},\"Action\":\"sts:AssumeRole\"}]}",
            "create_date": "2022-02-18T13:26:14Z",
            "description": "",
            "force_detach_policies": true,
            "id": "terraform-eks-zjJ4LpE02022021813261348820000000e",
            "inline_policy": [
              {
                "name": "",
                "policy": ""
              }
            ],
            "managed_policy_arns": [],
            "max_session_duration": 3600,
            "name": "terraform-eks-zjJ4LpE02022021813261348820000000e",
            "name_prefix": "terraform-eks-zjJ4LpE0",
            "path": "/",
            "permissions_boundary": null,
            "tags": null,
            "tags_all": {},
            "unique_id": "AROAUF3FU5ZPEVGSLP5TE"
          },
          "sensitive_attributes": [],
          "private": "bnVsbA==",
          "dependencies": [
            "data.aws_availability_zones.available",
            "module.eks.aws_cloudwatch_log_group.this",
            "module.eks.aws_eks_cluster.this",
            "module.eks.aws_iam_role.cluster",
            "module.eks.aws_iam_role_policy_attachment.cluster_AmazonEKSClusterPolicy",
            "module.eks.aws_iam_role_policy_attachment.cluster_AmazonEKSServicePolicy",
            "module.eks.aws_iam_role_policy_attachment.cluster_AmazonEKSVPCResourceControllerPolicy",
            "module.eks.aws_security_group.cluster",
            "module.eks.aws_security_group.workers",
            "module.eks.aws_security_group_rule.cluster_egress_internet",
            "module.eks.aws_security_group_rule.cluster_https_worker_ingress",
            "module.eks.data.aws_iam_policy_document.cluster_assume_role_policy",
            "module.eks.data.aws_iam_policy_document.workers_assume_role_policy",
            "module.eks.data.aws_iam_role.custom_cluster_iam_role",
            "module.eks.data.aws_partition.current",
            "module.vpc.aws_subnet.private",
            "module.vpc.aws_vpc.this",
            "module.vpc.aws_vpc_ipv4_cidr_block_association.this",
            "random_string.suffix"
          ],
          "create_before_destroy": true
        }
      ]
    },
    {
      "module": "module.eks",
      "mode": "managed",
      "type": "aws_iam_role_policy_attachment",
      "name": "cluster_AmazonEKSClusterPolicy",
      "provider": "provider[\"registry.terraform.io/hashicorp/aws\"]",
      "instances": [
        {
          "index_key": 0,
          "schema_version": 0,
          "attributes": {
            "id": "terraform-eks-zjJ4LpE020220218131707292600000003-20220218131709083800000005",
            "policy_arn": "arn:aws-cn:iam::aws:policy/AmazonEKSClusterPolicy",
            "role": "terraform-eks-zjJ4LpE020220218131707292600000003"
          },
          "sensitive_attributes": [],
          "private": "bnVsbA==",
          "dependencies": [
            "module.eks.aws_iam_role.cluster",
            "module.eks.data.aws_iam_policy_document.cluster_assume_role_policy",
            "module.eks.data.aws_partition.current",
            "random_string.suffix"
          ],
          "create_before_destroy": true
        }
      ]
    },
    {
      "module": "module.eks",
      "mode": "managed",
      "type": "aws_iam_role_policy_attachment",
      "name": "cluster_AmazonEKSServicePolicy",
      "provider": "provider[\"registry.terraform.io/hashicorp/aws\"]",
      "instances": [
        {
          "index_key": 0,
          "schema_version": 0,
          "attributes": {
            "id": "terraform-eks-zjJ4LpE020220218131707292600000003-20220218131709262000000007",
            "policy_arn": "arn:aws-cn:iam::aws:policy/AmazonEKSServicePolicy",
            "role": "terraform-eks-zjJ4LpE020220218131707292600000003"
          },
          "sensitive_attributes": [],
          "private": "bnVsbA==",
          "dependencies": [
            "module.eks.aws_iam_role.cluster",
            "module.eks.data.aws_iam_policy_document.cluster_assume_role_policy",
            "module.eks.data.aws_partition.current",
            "random_string.suffix"
          ],
          "create_before_destroy": true
        }
      ]
    },
    {
      "module": "module.eks",
      "mode": "managed",
      "type": "aws_iam_role_policy_attachment",
      "name": "cluster_AmazonEKSVPCResourceControllerPolicy",
      "provider": "provider[\"registry.terraform.io/hashicorp/aws\"]",
      "instances": [
        {
          "index_key": 0,
          "schema_version": 0,
          "attributes": {
            "id": "terraform-eks-zjJ4LpE020220218131707292600000003-20220218131709083200000004",
            "policy_arn": "arn:aws-cn:iam::aws:policy/AmazonEKSVPCResourceController",
            "role": "terraform-eks-zjJ4LpE020220218131707292600000003"
          },
          "sensitive_attributes": [],
          "private": "bnVsbA==",
          "dependencies": [
            "module.eks.aws_iam_role.cluster",
            "module.eks.data.aws_iam_policy_document.cluster_assume_role_policy",
            "module.eks.data.aws_partition.current",
            "random_string.suffix"
          ],
          "create_before_destroy": true
        }
      ]
    },
    {
      "module": "module.eks",
      "mode": "managed",
      "type": "aws_iam_role_policy_attachment",
      "name": "cluster_deny_log_group",
      "provider": "provider[\"registry.terraform.io/hashicorp/aws\"]",
      "instances": [
        {
          "index_key": 0,
          "schema_version": 0,
          "attributes": {
            "id": "terraform-eks-zjJ4LpE020220218131707292600000003-20220218131709265400000008",
            "policy_arn": "arn:aws-cn:iam::287439122014:policy/terraform-eks-zjJ4LpE0-deny-log-group20220218131707290800000001",
            "role": "terraform-eks-zjJ4LpE020220218131707292600000003"
          },
          "sensitive_attributes": [],
          "private": "bnVsbA==",
          "dependencies": [
            "module.eks.aws_iam_policy.cluster_deny_log_group",
            "module.eks.aws_iam_role.cluster",
            "module.eks.data.aws_iam_policy_document.cluster_assume_role_policy",
            "module.eks.data.aws_iam_policy_document.cluster_deny_log_group",
            "random_string.suffix"
          ]
        }
      ]
    },
    {
      "module": "module.eks",
      "mode": "managed",
      "type": "aws_iam_role_policy_attachment",
      "name": "cluster_elb_sl_role_creation",
      "provider": "provider[\"registry.terraform.io/hashicorp/aws\"]",
      "instances": [
        {
          "index_key": 0,
          "schema_version": 0,
          "attributes": {
            "id": "terraform-eks-zjJ4LpE020220218131707292600000003-20220218131709086800000006",
            "policy_arn": "arn:aws-cn:iam::287439122014:policy/terraform-eks-zjJ4LpE0-elb-sl-role-creation20220218131707291400000002",
            "role": "terraform-eks-zjJ4LpE020220218131707292600000003"
          },
          "sensitive_attributes": [],
          "private": "bnVsbA==",
          "dependencies": [
            "module.eks.aws_iam_policy.cluster_elb_sl_role_creation",
            "module.eks.aws_iam_role.cluster",
            "module.eks.data.aws_iam_policy_document.cluster_assume_role_policy",
            "module.eks.data.aws_iam_policy_document.cluster_elb_sl_role_creation",
            "random_string.suffix"
          ]
        }
      ]
    },
    {
      "module": "module.eks",
      "mode": "managed",
      "type": "aws_iam_role_policy_attachment",
      "name": "workers_AmazonEC2ContainerRegistryReadOnly",
      "provider": "provider[\"registry.terraform.io/hashicorp/aws\"]",
      "instances": [
        {
          "index_key": 0,
          "schema_version": 0,
          "attributes": {
            "id": "terraform-eks-zjJ4LpE02022021813261348820000000e-20220218132616055100000013",
            "policy_arn": "arn:aws-cn:iam::aws:policy/AmazonEC2ContainerRegistryReadOnly",
            "role": "terraform-eks-zjJ4LpE02022021813261348820000000e"
          },
          "sensitive_attributes": [],
          "private": "bnVsbA==",
          "dependencies": [
            "data.aws_availability_zones.available",
            "module.eks.aws_cloudwatch_log_group.this",
            "module.eks.aws_eks_cluster.this",
            "module.eks.aws_iam_role.cluster",
            "module.eks.aws_iam_role.workers",
            "module.eks.aws_iam_role_policy_attachment.cluster_AmazonEKSClusterPolicy",
            "module.eks.aws_iam_role_policy_attachment.cluster_AmazonEKSServicePolicy",
            "module.eks.aws_iam_role_policy_attachment.cluster_AmazonEKSVPCResourceControllerPolicy",
            "module.eks.aws_security_group.cluster",
            "module.eks.aws_security_group.workers",
            "module.eks.aws_security_group_rule.cluster_egress_internet",
            "module.eks.aws_security_group_rule.cluster_https_worker_ingress",
            "module.eks.data.aws_iam_policy_document.cluster_assume_role_policy",
            "module.eks.data.aws_iam_policy_document.workers_assume_role_policy",
            "module.eks.data.aws_iam_role.custom_cluster_iam_role",
            "module.eks.data.aws_partition.current",
            "module.vpc.aws_subnet.private",
            "module.vpc.aws_vpc.this",
            "module.vpc.aws_vpc_ipv4_cidr_block_association.this",
            "random_string.suffix"
          ],
          "create_before_destroy": true
        }
      ]
    },
    {
      "module": "module.eks",
      "mode": "managed",
      "type": "aws_iam_role_policy_attachment",
      "name": "workers_AmazonEKSWorkerNodePolicy",
      "provider": "provider[\"registry.terraform.io/hashicorp/aws\"]",
      "instances": [
        {
          "index_key": 0,
          "schema_version": 0,
          "attributes": {
            "id": "terraform-eks-zjJ4LpE02022021813261348820000000e-20220218132615591300000011",
            "policy_arn": "arn:aws-cn:iam::aws:policy/AmazonEKSWorkerNodePolicy",
            "role": "terraform-eks-zjJ4LpE02022021813261348820000000e"
          },
          "sensitive_attributes": [],
          "private": "bnVsbA==",
          "dependencies": [
            "data.aws_availability_zones.available",
            "module.eks.aws_cloudwatch_log_group.this",
            "module.eks.aws_eks_cluster.this",
            "module.eks.aws_iam_role.cluster",
            "module.eks.aws_iam_role.workers",
            "module.eks.aws_iam_role_policy_attachment.cluster_AmazonEKSClusterPolicy",
            "module.eks.aws_iam_role_policy_attachment.cluster_AmazonEKSServicePolicy",
            "module.eks.aws_iam_role_policy_attachment.cluster_AmazonEKSVPCResourceControllerPolicy",
            "module.eks.aws_security_group.cluster",
            "module.eks.aws_security_group.workers",
            "module.eks.aws_security_group_rule.cluster_egress_internet",
            "module.eks.aws_security_group_rule.cluster_https_worker_ingress",
            "module.eks.data.aws_iam_policy_document.cluster_assume_role_policy",
            "module.eks.data.aws_iam_policy_document.workers_assume_role_policy",
            "module.eks.data.aws_iam_role.custom_cluster_iam_role",
            "module.eks.data.aws_partition.current",
            "module.vpc.aws_subnet.private",
            "module.vpc.aws_vpc.this",
            "module.vpc.aws_vpc_ipv4_cidr_block_association.this",
            "random_string.suffix"
          ],
          "create_before_destroy": true
        }
      ]
    },
    {
      "module": "module.eks",
      "mode": "managed",
      "type": "aws_iam_role_policy_attachment",
      "name": "workers_AmazonEKS_CNI_Policy",
      "provider": "provider[\"registry.terraform.io/hashicorp/aws\"]",
      "instances": [
        {
          "index_key": 0,
          "schema_version": 0,
          "attributes": {
            "id": "terraform-eks-zjJ4LpE02022021813261348820000000e-20220218132615823500000012",
            "policy_arn": "arn:aws-cn:iam::aws:policy/AmazonEKS_CNI_Policy",
            "role": "terraform-eks-zjJ4LpE02022021813261348820000000e"
          },
          "sensitive_attributes": [],
          "private": "bnVsbA==",
          "dependencies": [
            "data.aws_availability_zones.available",
            "module.eks.aws_cloudwatch_log_group.this",
            "module.eks.aws_eks_cluster.this",
            "module.eks.aws_iam_role.cluster",
            "module.eks.aws_iam_role.workers",
            "module.eks.aws_iam_role_policy_attachment.cluster_AmazonEKSClusterPolicy",
            "module.eks.aws_iam_role_policy_attachment.cluster_AmazonEKSServicePolicy",
            "module.eks.aws_iam_role_policy_attachment.cluster_AmazonEKSVPCResourceControllerPolicy",
            "module.eks.aws_security_group.cluster",
            "module.eks.aws_security_group.workers",
            "module.eks.aws_security_group_rule.cluster_egress_internet",
            "module.eks.aws_security_group_rule.cluster_https_worker_ingress",
            "module.eks.data.aws_iam_policy_document.cluster_assume_role_policy",
            "module.eks.data.aws_iam_policy_document.workers_assume_role_policy",
            "module.eks.data.aws_iam_role.custom_cluster_iam_role",
            "module.eks.data.aws_partition.current",
            "module.vpc.aws_subnet.private",
            "module.vpc.aws_vpc.this",
            "module.vpc.aws_vpc_ipv4_cidr_block_association.this",
            "random_string.suffix"
          ],
          "create_before_destroy": true
        }
      ]
    },
    {
      "module": "module.eks",
      "mode": "managed",
      "type": "aws_launch_configuration",
      "name": "workers",
      "provider": "provider[\"registry.terraform.io/hashicorp/aws\"]",
      "instances": [
        {
          "index_key": 0,
          "schema_version": 0,
          "attributes": {
            "arn": "arn:aws-cn:autoscaling:cn-north-1:287439122014:launchConfiguration:badd905f-0652-47c9-9c01-c6b4720f6f61:launchConfigurationName/terraform-eks-zjJ4LpE0-worker-group-120220218132616575100000015",
            "associate_public_ip_address": false,
            "ebs_block_device": [],
            "ebs_optimized": false,
            "enable_monitoring": true,
            "ephemeral_block_device": [],
            "iam_instance_profile": "terraform-eks-zjJ4LpE020220218132615361100000010",
            "id": "terraform-eks-zjJ4LpE0-worker-group-120220218132616575100000015",
            "image_id": "ami-00a39acd765adca15",
            "instance_type": "t2.small",
            "key_name": "",
            "metadata_options": [
              {
                "http_endpoint": "enabled",
                "http_put_response_hop_limit": 1,
                "http_tokens": "optional"
              }
            ],
            "name": "terraform-eks-zjJ4LpE0-worker-group-120220218132616575100000015",
            "name_prefix": "terraform-eks-zjJ4LpE0-worker-group-1",
            "placement_tenancy": "",
            "root_block_device": [
              {
                "delete_on_termination": true,
                "encrypted": false,
                "iops": 0,
                "throughput": 0,
                "volume_size": 100,
                "volume_type": "gp2"
              }
            ],
            "security_groups": [
              "sg-03ecff44d0d1d1ffb",
              "sg-0e95b57d660c5aa38"
            ],
            "spot_price": "",
            "user_data": null,
            "user_data_base64": "IyEvYmluL2Jhc2ggLWUKCiMgQWxsb3cgdXNlciBzdXBwbGllZCBwcmUgdXNlcmRhdGEgY29kZQoKCiMgQm9vdHN0cmFwIGFuZCBqb2luIHRoZSBjbHVzdGVyCi9ldGMvZWtzL2Jvb3RzdHJhcC5zaCAtLWI2NC1jbHVzdGVyLWNhICdMUzB0TFMxQ1JVZEpUaUJEUlZKVVNVWkpRMEZVUlMwdExTMHRDazFKU1VNMWVrTkRRV01yWjBGM1NVSkJaMGxDUVVSQlRrSm5hM0ZvYTJsSE9YY3dRa0ZSYzBaQlJFRldUVkpOZDBWUldVUldVVkZFUlhkd2NtUlhTbXdLWTIwMWJHUkhWbnBOUWpSWVJGUkplVTFFU1hoUFJFVjZUV3BOZVUweGIxaEVWRTE1VFVSSmVFNXFSWHBOYWsxNVRURnZkMFpVUlZSTlFrVkhRVEZWUlFwQmVFMUxZVE5XYVZwWVNuVmFXRkpzWTNwRFEwRlRTWGRFVVZsS1MyOWFTV2gyWTA1QlVVVkNRbEZCUkdkblJWQkJSRU5EUVZGdlEyZG5SVUpCUzNVeENqTkVlbUoxTDJJNE9VcG9TelF5ZDA1alRtd3JNaTlIYmtST04zY3hjemR3U1ZZdk5WQllVV2x2V1ZOVFFsUkJabkpRY25NMVVVbHZZWGR5UjAxdUswTUtSVWhPWmtsa1JXeExSMkl5Y0dKdGRGRldSelV2S3pWeFYwRnBSR2hrVmxnclUwTktRVVJUWWtacGJWbEhaSFZFSzA5NWR6RnpUVXRhU0RSSFkzSnVXQW8yYkhGdlFrNXRTSGczVDJObU9XdFNXVkJHTmtkMGEwVkNVVk4xYjFkSVlVdFVTMkZrVUVWb2RqVjViblZMWWpWbWRtdEtjM2RMT1hSR1NEVkhkRk14Q20xVGQwbzVXamxIUW1kUlRFNVZja2MwUjJaRE0ySlhTekJPUW1aVFkyRlhhSGRKUkRkVlpVTkdXa0UwZW1KSk55dGhjSFptZUZZek9WZEtVQzhyZGtNS01uaG5SVGN5WXpCc2NIVk5VVXR1U1ZKTGFqUldUMHhIZUUxM1pqbEVUWEF4YnpGTGRXRXpaM1EwWVVaeldqRkhTRU52WlhsaU56TTFVamN3VERKSWN3cFhhbHBpVlZoNldIVnNlR2QxUm1wVWVtSk5RMEYzUlVGQllVNURUVVZCZDBSbldVUldVakJRUVZGSUwwSkJVVVJCWjB0clRVRTRSMEV4VldSRmQwVkNDaTkzVVVaTlFVMUNRV1k0ZDBoUldVUldVakJQUWtKWlJVWkRkVTlMVFc5SlYydGpibTVIVTFReGFGSnRaazltT1RCWlZVSk5RVEJIUTFOeFIxTkpZak1LUkZGRlFrTjNWVUZCTkVsQ1FWRkJXUzgxT0VKSVNGUlFiMk16TkhKdFlYQlJLM2MyTnpBeFJYVTJWREJyY0hSU01UWnNlbVJZVkRaMVJUSkdlSFV5TndwcVFYcG5aVkJ3ZEV4VloydFNVWFJQVmxwTk1WZ3ZUbk5JZVZObFdrTlZNQzlxWW5SaFoxcEZOM1pSY1VJMFkwWTRiM1ZrVGpoQlJrZDZSVmxCTHl0RUNsZDVTVVpNVTBwM05qSmhVa3RpZVd0a1JYcFlibkZtUWtFMFlXWlhRbUpVVlhsblNFZEpOakZuVEVkUFFqSnhVRzQ0V21KR2VtSnFXWHBUT0dKdVRFMEtObkpGTm5ST0szZzRXR3R5VjJaRmNtUmlTMWRSYkM5a2VUZDJVMGROYXpGSlMwOU1lRFpwWW1wSloybzJhV1k0T0UxNmIwWlJjQzgxUVhSQ2JWSlJjQW93WlM5cVZsQldOMkkwYmpSbFJrSTJMM1JGY25oSmFGQnRWR0pPZGxGcE1raGpkVXRPYkVjMFMxVlFPR0YyYmxWcVVEZzVOWHBWYzFNdlZUWldRblJKQ2xkTE0xbEhSV3BWUTNkdlpERm5UWGQ0T0dwdU1WaE5VbEpLZW5WSGJsazFNbXRQY1FvdExTMHRMVVZPUkNCRFJWSlVTVVpKUTBGVVJTMHRMUzB0Q2c9PScgLS1hcGlzZXJ2ZXItZW5kcG9pbnQgJ2h0dHBzOi8vQTgxODdBRUZCQTNGRjUzRkM5OEIyNzQ3MTkxNzU4MEIuc2sxLmNuLW5vcnRoLTEuZWtzLmFtYXpvbmF3cy5jb20uY24nICAtLWt1YmVsZXQtZXh0cmEtYXJncyAiIiAndGVycmFmb3JtLWVrcy16ako0THBFMCcKCiMgQWxsb3cgdXNlciBzdXBwbGllZCB1c2VyZGF0YSBjb2RlCmVjaG8gZm9vIGJhcgo=",
            "vpc_classic_link_id": "",
            "vpc_classic_link_security_groups": null
          },
          "sensitive_attributes": [],
          "private": "bnVsbA==",
          "dependencies": [
            "aws_security_group.worker_group_mgmt_one",
            "aws_security_group.worker_group_mgmt_two",
            "data.aws_availability_zones.available",
            "module.eks.aws_cloudwatch_log_group.this",
            "module.eks.aws_eks_cluster.this",
            "module.eks.aws_iam_instance_profile.workers",
            "module.eks.aws_iam_role.cluster",
            "module.eks.aws_iam_role.workers",
            "module.eks.aws_iam_role_policy_attachment.cluster_AmazonEKSClusterPolicy",
            "module.eks.aws_iam_role_policy_attachment.cluster_AmazonEKSServicePolicy",
            "module.eks.aws_iam_role_policy_attachment.cluster_AmazonEKSVPCResourceControllerPolicy",
            "module.eks.aws_iam_role_policy_attachment.workers_AmazonEC2ContainerRegistryReadOnly",
            "module.eks.aws_iam_role_policy_attachment.workers_AmazonEKSWorkerNodePolicy",
            "module.eks.aws_iam_role_policy_attachment.workers_AmazonEKS_CNI_Policy",
            "module.eks.aws_iam_role_policy_attachment.workers_additional_policies",
            "module.eks.aws_security_group.cluster",
            "module.eks.aws_security_group.workers",
            "module.eks.aws_security_group_rule.cluster_egress_internet",
            "module.eks.aws_security_group_rule.cluster_https_worker_ingress",
            "module.eks.aws_security_group_rule.cluster_primary_ingress_workers",
            "module.eks.aws_security_group_rule.workers_egress_internet",
            "module.eks.aws_security_group_rule.workers_ingress_cluster",
            "module.eks.aws_security_group_rule.workers_ingress_cluster_https",
            "module.eks.aws_security_group_rule.workers_ingress_cluster_kubelet",
            "module.eks.aws_security_group_rule.workers_ingress_cluster_primary",
            "module.eks.aws_security_group_rule.workers_ingress_self",
            "module.eks.data.aws_ami.eks_worker",
            "module.eks.data.aws_ami.eks_worker_windows",
            "module.eks.data.aws_iam_instance_profile.custom_worker_group_iam_instance_profile",
            "module.eks.data.aws_iam_policy_document.cluster_assume_role_policy",
            "module.eks.data.aws_iam_policy_document.workers_assume_role_policy",
            "module.eks.data.aws_iam_role.custom_cluster_iam_role",
            "module.eks.data.aws_partition.current",
            "module.vpc.aws_subnet.private",
            "module.vpc.aws_vpc.this",
            "module.vpc.aws_vpc_ipv4_cidr_block_association.this",
            "random_string.suffix"
          ],
          "create_before_destroy": true
        },
        {
          "index_key": 1,
          "schema_version": 0,
          "attributes": {
            "arn": "arn:aws-cn:autoscaling:cn-north-1:287439122014:launchConfiguration:a4c9fa88-20ab-4b38-9adb-5866d2930894:launchConfigurationName/terraform-eks-zjJ4LpE0-worker-group-220220218132616574900000014",
            "associate_public_ip_address": false,
            "ebs_block_device": [],
            "ebs_optimized": false,
            "enable_monitoring": true,
            "ephemeral_block_device": [],
            "iam_instance_profile": "terraform-eks-zjJ4LpE02022021813261535930000000f",
            "id": "terraform-eks-zjJ4LpE0-worker-group-220220218132616574900000014",
            "image_id": "ami-00a39acd765adca15",
            "instance_type": "t2.medium",
            "key_name": "",
            "metadata_options": [
              {
                "http_endpoint": "enabled",
                "http_put_response_hop_limit": 1,
                "http_tokens": "optional"
              }
            ],
            "name": "terraform-eks-zjJ4LpE0-worker-group-220220218132616574900000014",
            "name_prefix": "terraform-eks-zjJ4LpE0-worker-group-2",
            "placement_tenancy": "",
            "root_block_device": [
              {
                "delete_on_termination": true,
                "encrypted": false,
                "iops": 0,
                "throughput": 0,
                "volume_size": 100,
                "volume_type": "gp2"
              }
            ],
            "security_groups": [
              "sg-03ecff44d0d1d1ffb",
              "sg-0d65b0970905ba1ea"
            ],
            "spot_price": "",
            "user_data": null,
            "user_data_base64": "IyEvYmluL2Jhc2ggLWUKCiMgQWxsb3cgdXNlciBzdXBwbGllZCBwcmUgdXNlcmRhdGEgY29kZQoKCiMgQm9vdHN0cmFwIGFuZCBqb2luIHRoZSBjbHVzdGVyCi9ldGMvZWtzL2Jvb3RzdHJhcC5zaCAtLWI2NC1jbHVzdGVyLWNhICdMUzB0TFMxQ1JVZEpUaUJEUlZKVVNVWkpRMEZVUlMwdExTMHRDazFKU1VNMWVrTkRRV01yWjBGM1NVSkJaMGxDUVVSQlRrSm5hM0ZvYTJsSE9YY3dRa0ZSYzBaQlJFRldUVkpOZDBWUldVUldVVkZFUlhkd2NtUlhTbXdLWTIwMWJHUkhWbnBOUWpSWVJGUkplVTFFU1hoUFJFVjZUV3BOZVUweGIxaEVWRTE1VFVSSmVFNXFSWHBOYWsxNVRURnZkMFpVUlZSTlFrVkhRVEZWUlFwQmVFMUxZVE5XYVZwWVNuVmFXRkpzWTNwRFEwRlRTWGRFVVZsS1MyOWFTV2gyWTA1QlVVVkNRbEZCUkdkblJWQkJSRU5EUVZGdlEyZG5SVUpCUzNVeENqTkVlbUoxTDJJNE9VcG9TelF5ZDA1alRtd3JNaTlIYmtST04zY3hjemR3U1ZZdk5WQllVV2x2V1ZOVFFsUkJabkpRY25NMVVVbHZZWGR5UjAxdUswTUtSVWhPWmtsa1JXeExSMkl5Y0dKdGRGRldSelV2S3pWeFYwRnBSR2hrVmxnclUwTktRVVJUWWtacGJWbEhaSFZFSzA5NWR6RnpUVXRhU0RSSFkzSnVXQW8yYkhGdlFrNXRTSGczVDJObU9XdFNXVkJHTmtkMGEwVkNVVk4xYjFkSVlVdFVTMkZrVUVWb2RqVjViblZMWWpWbWRtdEtjM2RMT1hSR1NEVkhkRk14Q20xVGQwbzVXamxIUW1kUlRFNVZja2MwUjJaRE0ySlhTekJPUW1aVFkyRlhhSGRKUkRkVlpVTkdXa0UwZW1KSk55dGhjSFptZUZZek9WZEtVQzhyZGtNS01uaG5SVGN5WXpCc2NIVk5VVXR1U1ZKTGFqUldUMHhIZUUxM1pqbEVUWEF4YnpGTGRXRXpaM1EwWVVaeldqRkhTRU52WlhsaU56TTFVamN3VERKSWN3cFhhbHBpVlZoNldIVnNlR2QxUm1wVWVtSk5RMEYzUlVGQllVNURUVVZCZDBSbldVUldVakJRUVZGSUwwSkJVVVJCWjB0clRVRTRSMEV4VldSRmQwVkNDaTkzVVVaTlFVMUNRV1k0ZDBoUldVUldVakJQUWtKWlJVWkRkVTlMVFc5SlYydGpibTVIVTFReGFGSnRaazltT1RCWlZVSk5RVEJIUTFOeFIxTkpZak1LUkZGRlFrTjNWVUZCTkVsQ1FWRkJXUzgxT0VKSVNGUlFiMk16TkhKdFlYQlJLM2MyTnpBeFJYVTJWREJyY0hSU01UWnNlbVJZVkRaMVJUSkdlSFV5TndwcVFYcG5aVkJ3ZEV4VloydFNVWFJQVmxwTk1WZ3ZUbk5JZVZObFdrTlZNQzlxWW5SaFoxcEZOM1pSY1VJMFkwWTRiM1ZrVGpoQlJrZDZSVmxCTHl0RUNsZDVTVVpNVTBwM05qSmhVa3RpZVd0a1JYcFlibkZtUWtFMFlXWlhRbUpVVlhsblNFZEpOakZuVEVkUFFqSnhVRzQ0V21KR2VtSnFXWHBUT0dKdVRFMEtObkpGTm5ST0szZzRXR3R5VjJaRmNtUmlTMWRSYkM5a2VUZDJVMGROYXpGSlMwOU1lRFpwWW1wSloybzJhV1k0T0UxNmIwWlJjQzgxUVhSQ2JWSlJjQW93WlM5cVZsQldOMkkwYmpSbFJrSTJMM1JGY25oSmFGQnRWR0pPZGxGcE1raGpkVXRPYkVjMFMxVlFPR0YyYmxWcVVEZzVOWHBWYzFNdlZUWldRblJKQ2xkTE0xbEhSV3BWUTNkdlpERm5UWGQ0T0dwdU1WaE5VbEpLZW5WSGJsazFNbXRQY1FvdExTMHRMVVZPUkNCRFJWSlVTVVpKUTBGVVJTMHRMUzB0Q2c9PScgLS1hcGlzZXJ2ZXItZW5kcG9pbnQgJ2h0dHBzOi8vQTgxODdBRUZCQTNGRjUzRkM5OEIyNzQ3MTkxNzU4MEIuc2sxLmNuLW5vcnRoLTEuZWtzLmFtYXpvbmF3cy5jb20uY24nICAtLWt1YmVsZXQtZXh0cmEtYXJncyAiIiAndGVycmFmb3JtLWVrcy16ako0THBFMCcKCiMgQWxsb3cgdXNlciBzdXBwbGllZCB1c2VyZGF0YSBjb2RlCmVjaG8gZm9vIGJhcgo=",
            "vpc_classic_link_id": "",
            "vpc_classic_link_security_groups": null
          },
          "sensitive_attributes": [],
          "private": "bnVsbA==",
          "dependencies": [
            "aws_security_group.worker_group_mgmt_one",
            "aws_security_group.worker_group_mgmt_two",
            "data.aws_availability_zones.available",
            "module.eks.aws_cloudwatch_log_group.this",
            "module.eks.aws_eks_cluster.this",
            "module.eks.aws_iam_instance_profile.workers",
            "module.eks.aws_iam_role.cluster",
            "module.eks.aws_iam_role.workers",
            "module.eks.aws_iam_role_policy_attachment.cluster_AmazonEKSClusterPolicy",
            "module.eks.aws_iam_role_policy_attachment.cluster_AmazonEKSServicePolicy",
            "module.eks.aws_iam_role_policy_attachment.cluster_AmazonEKSVPCResourceControllerPolicy",
            "module.eks.aws_iam_role_policy_attachment.workers_AmazonEC2ContainerRegistryReadOnly",
            "module.eks.aws_iam_role_policy_attachment.workers_AmazonEKSWorkerNodePolicy",
            "module.eks.aws_iam_role_policy_attachment.workers_AmazonEKS_CNI_Policy",
            "module.eks.aws_iam_role_policy_attachment.workers_additional_policies",
            "module.eks.aws_security_group.cluster",
            "module.eks.aws_security_group.workers",
            "module.eks.aws_security_group_rule.cluster_egress_internet",
            "module.eks.aws_security_group_rule.cluster_https_worker_ingress",
            "module.eks.aws_security_group_rule.cluster_primary_ingress_workers",
            "module.eks.aws_security_group_rule.workers_egress_internet",
            "module.eks.aws_security_group_rule.workers_ingress_cluster",
            "module.eks.aws_security_group_rule.workers_ingress_cluster_https",
            "module.eks.aws_security_group_rule.workers_ingress_cluster_kubelet",
            "module.eks.aws_security_group_rule.workers_ingress_cluster_primary",
            "module.eks.aws_security_group_rule.workers_ingress_self",
            "module.eks.data.aws_ami.eks_worker",
            "module.eks.data.aws_ami.eks_worker_windows",
            "module.eks.data.aws_iam_instance_profile.custom_worker_group_iam_instance_profile",
            "module.eks.data.aws_iam_policy_document.cluster_assume_role_policy",
            "module.eks.data.aws_iam_policy_document.workers_assume_role_policy",
            "module.eks.data.aws_iam_role.custom_cluster_iam_role",
            "module.eks.data.aws_partition.current",
            "module.vpc.aws_subnet.private",
            "module.vpc.aws_vpc.this",
            "module.vpc.aws_vpc_ipv4_cidr_block_association.this",
            "random_string.suffix"
          ],
          "create_before_destroy": true
        }
      ]
    },
    {
      "module": "module.eks",
      "mode": "managed",
      "type": "aws_security_group",
      "name": "cluster",
      "provider": "provider[\"registry.terraform.io/hashicorp/aws\"]",
      "instances": [
        {
          "index_key": 0,
          "schema_version": 1,
          "attributes": {
            "arn": "arn:aws-cn:ec2:cn-north-1:287439122014:security-group/sg-001210dd814e4f3ad",
            "description": "EKS cluster security group.",
            "egress": [],
            "id": "sg-001210dd814e4f3ad",
            "ingress": [],
            "name": "terraform-eks-zjJ4LpE020220218131720393400000009",
            "name_prefix": "terraform-eks-zjJ4LpE0",
            "owner_id": "287439122014",
            "revoke_rules_on_delete": false,
            "tags": {
              "Name": "terraform-eks-zjJ4LpE0-eks_cluster_sg"
            },
            "tags_all": {
              "Name": "terraform-eks-zjJ4LpE0-eks_cluster_sg"
            },
            "timeouts": null,
            "vpc_id": "vpc-0095bfbc92bd3e5a2"
          },
          "sensitive_attributes": [],
          "private": "eyJlMmJmYjczMC1lY2FhLTExZTYtOGY4OC0zNDM2M2JjN2M0YzAiOnsiY3JlYXRlIjo2MDAwMDAwMDAwMDAsImRlbGV0ZSI6OTAwMDAwMDAwMDAwfSwic2NoZW1hX3ZlcnNpb24iOiIxIn0=",
          "dependencies": [
            "module.vpc.aws_vpc.this",
            "random_string.suffix"
          ],
          "create_before_destroy": true
        }
      ]
    },
    {
      "module": "module.eks",
      "mode": "managed",
      "type": "aws_security_group",
      "name": "workers",
      "provider": "provider[\"registry.terraform.io/hashicorp/aws\"]",
      "instances": [
        {
          "index_key": 0,
          "schema_version": 1,
          "attributes": {
            "arn": "arn:aws-cn:ec2:cn-north-1:287439122014:security-group/sg-03ecff44d0d1d1ffb",
            "description": "Security group for all nodes in the cluster.",
            "egress": [],
            "id": "sg-03ecff44d0d1d1ffb",
            "ingress": [],
            "name": "terraform-eks-zjJ4LpE02022021813172153670000000d",
            "name_prefix": "terraform-eks-zjJ4LpE0",
            "owner_id": "287439122014",
            "revoke_rules_on_delete": false,
            "tags": {
              "Name": "terraform-eks-zjJ4LpE0-eks_worker_sg",
              "kubernetes.io/cluster/terraform-eks-zjJ4LpE0": "owned"
            },
            "tags_all": {
              "Name": "terraform-eks-zjJ4LpE0-eks_worker_sg",
              "kubernetes.io/cluster/terraform-eks-zjJ4LpE0": "owned"
            },
            "timeouts": null,
            "vpc_id": "vpc-0095bfbc92bd3e5a2"
          },
          "sensitive_attributes": [],
          "private": "eyJlMmJmYjczMC1lY2FhLTExZTYtOGY4OC0zNDM2M2JjN2M0YzAiOnsiY3JlYXRlIjo2MDAwMDAwMDAwMDAsImRlbGV0ZSI6OTAwMDAwMDAwMDAwfSwic2NoZW1hX3ZlcnNpb24iOiIxIn0=",
          "dependencies": [
            "module.vpc.aws_vpc.this",
            "random_string.suffix"
          ],
          "create_before_destroy": true
        }
      ]
    },
    {
      "module": "module.eks",
      "mode": "managed",
      "type": "aws_security_group_rule",
      "name": "cluster_egress_internet",
      "provider": "provider[\"registry.terraform.io/hashicorp/aws\"]",
      "instances": [
        {
          "index_key": 0,
          "schema_version": 2,
          "attributes": {
            "cidr_blocks": [
              "0.0.0.0/0"
            ],
            "description": "Allow cluster egress access to the Internet.",
            "from_port": 0,
            "id": "sgrule-2923676281",
            "ipv6_cidr_blocks": null,
            "prefix_list_ids": null,
            "protocol": "-1",
            "security_group_id": "sg-001210dd814e4f3ad",
            "self": false,
            "source_security_group_id": null,
            "to_port": 0,
            "type": "egress"
          },
          "sensitive_attributes": [],
          "private": "eyJzY2hlbWFfdmVyc2lvbiI6IjIifQ==",
          "dependencies": [
            "module.eks.aws_security_group.cluster",
            "module.vpc.aws_vpc.this",
            "random_string.suffix"
          ],
          "create_before_destroy": true
        }
      ]
    },
    {
      "module": "module.eks",
      "mode": "managed",
      "type": "aws_security_group_rule",
      "name": "cluster_https_worker_ingress",
      "provider": "provider[\"registry.terraform.io/hashicorp/aws\"]",
      "instances": [
        {
          "index_key": 0,
          "schema_version": 2,
          "attributes": {
            "cidr_blocks": null,
            "description": "Allow pods to communicate with the EKS cluster API.",
            "from_port": 443,
            "id": "sgrule-3075389073",
            "ipv6_cidr_blocks": null,
            "prefix_list_ids": null,
            "protocol": "tcp",
            "security_group_id": "sg-001210dd814e4f3ad",
            "self": false,
            "source_security_group_id": "sg-03ecff44d0d1d1ffb",
            "to_port": 443,
            "type": "ingress"
          },
          "sensitive_attributes": [],
          "private": "eyJzY2hlbWFfdmVyc2lvbiI6IjIifQ==",
          "dependencies": [
            "module.eks.aws_security_group.cluster",
            "module.eks.aws_security_group.workers",
            "module.vpc.aws_vpc.this",
            "random_string.suffix"
          ],
          "create_before_destroy": true
        }
      ]
    },
    {
      "module": "module.eks",
      "mode": "managed",
      "type": "aws_security_group_rule",
      "name": "workers_egress_internet",
      "provider": "provider[\"registry.terraform.io/hashicorp/aws\"]",
      "instances": [
        {
          "index_key": 0,
          "schema_version": 2,
          "attributes": {
            "cidr_blocks": [
              "0.0.0.0/0"
            ],
            "description": "Allow nodes all egress to the Internet.",
            "from_port": 0,
            "id": "sgrule-3740168527",
            "ipv6_cidr_blocks": null,
            "prefix_list_ids": null,
            "protocol": "-1",
            "security_group_id": "sg-03ecff44d0d1d1ffb",
            "self": false,
            "source_security_group_id": null,
            "to_port": 0,
            "type": "egress"
          },
          "sensitive_attributes": [],
          "private": "eyJzY2hlbWFfdmVyc2lvbiI6IjIifQ==",
          "dependencies": [
            "module.eks.aws_security_group.workers",
            "module.vpc.aws_vpc.this",
            "random_string.suffix"
          ],
          "create_before_destroy": true
        }
      ]
    },
    {
      "module": "module.eks",
      "mode": "managed",
      "type": "aws_security_group_rule",
      "name": "workers_ingress_cluster",
      "provider": "provider[\"registry.terraform.io/hashicorp/aws\"]",
      "instances": [
        {
          "index_key": 0,
          "schema_version": 2,
          "attributes": {
            "cidr_blocks": null,
            "description": "Allow workers pods to receive communication from the cluster control plane.",
            "from_port": 1025,
            "id": "sgrule-170850998",
            "ipv6_cidr_blocks": null,
            "prefix_list_ids": null,
            "protocol": "tcp",
            "security_group_id": "sg-03ecff44d0d1d1ffb",
            "self": false,
            "source_security_group_id": "sg-001210dd814e4f3ad",
            "to_port": 65535,
            "type": "ingress"
          },
          "sensitive_attributes": [],
          "private": "eyJzY2hlbWFfdmVyc2lvbiI6IjIifQ==",
          "dependencies": [
            "module.eks.aws_security_group.cluster",
            "module.eks.aws_security_group.workers",
            "module.vpc.aws_vpc.this",
            "random_string.suffix"
          ],
          "create_before_destroy": true
        }
      ]
    },
    {
      "module": "module.eks",
      "mode": "managed",
      "type": "aws_security_group_rule",
      "name": "workers_ingress_cluster_https",
      "provider": "provider[\"registry.terraform.io/hashicorp/aws\"]",
      "instances": [
        {
          "index_key": 0,
          "schema_version": 2,
          "attributes": {
            "cidr_blocks": null,
            "description": "Allow pods running extension API servers on port 443 to receive communication from cluster control plane.",
            "from_port": 443,
            "id": "sgrule-3781410603",
            "ipv6_cidr_blocks": null,
            "prefix_list_ids": null,
            "protocol": "tcp",
            "security_group_id": "sg-03ecff44d0d1d1ffb",
            "self": false,
            "source_security_group_id": "sg-001210dd814e4f3ad",
            "to_port": 443,
            "type": "ingress"
          },
          "sensitive_attributes": [],
          "private": "eyJzY2hlbWFfdmVyc2lvbiI6IjIifQ==",
          "dependencies": [
            "module.eks.aws_security_group.cluster",
            "module.eks.aws_security_group.workers",
            "module.vpc.aws_vpc.this",
            "random_string.suffix"
          ],
          "create_before_destroy": true
        }
      ]
    },
    {
      "module": "module.eks",
      "mode": "managed",
      "type": "aws_security_group_rule",
      "name": "workers_ingress_self",
      "provider": "provider[\"registry.terraform.io/hashicorp/aws\"]",
      "instances": [
        {
          "index_key": 0,
          "schema_version": 2,
          "attributes": {
            "cidr_blocks": null,
            "description": "Allow node to communicate with each other.",
            "from_port": 0,
            "id": "sgrule-2552772433",
            "ipv6_cidr_blocks": null,
            "prefix_list_ids": null,
            "protocol": "-1",
            "security_group_id": "sg-03ecff44d0d1d1ffb",
            "self": false,
            "source_security_group_id": "sg-03ecff44d0d1d1ffb",
            "to_port": 65535,
            "type": "ingress"
          },
          "sensitive_attributes": [],
          "private": "eyJzY2hlbWFfdmVyc2lvbiI6IjIifQ==",
          "dependencies": [
            "module.eks.aws_security_group.workers",
            "module.vpc.aws_vpc.this",
            "random_string.suffix"
          ],
          "create_before_destroy": true
        }
      ]
    },
    {
      "module": "module.eks",
      "mode": "managed",
      "type": "kubernetes_config_map",
      "name": "aws_auth",
      "provider": "provider[\"registry.terraform.io/hashicorp/kubernetes\"]",
      "instances": [
        {
          "index_key": 0,
          "schema_version": 0,
          "attributes": {
            "binary_data": null,
            "data": {
              "mapAccounts": "[]\n",
              "mapRoles": "- \"groups\":\n  - \"system:bootstrappers\"\n  - \"system:nodes\"\n  \"rolearn\": \"arn:aws-cn:iam::287439122014:role/terraform-eks-zjJ4LpE02022021813261348820000000e\"\n  \"username\": \"system:node:{{EC2PrivateDNSName}}\"\n",
              "mapUsers": "[]\n"
            },
            "id": "kube-system/aws-auth",
            "metadata": [
              {
                "annotations": null,
                "generate_name": "",
                "generation": 0,
                "labels": {
                  "app.kubernetes.io/managed-by": "Terraform",
                  "terraform.io/module": "terraform-aws-modules.eks.aws"
                },
                "name": "aws-auth",
                "namespace": "kube-system",
                "resource_version": "704",
                "uid": "35a4ceed-dedf-4f2f-8366-5524eb6d1731"
              }
            ]
          },
          "sensitive_attributes": [],
          "private": "bnVsbA==",
          "dependencies": [
            "aws_security_group.worker_group_mgmt_one",
            "aws_security_group.worker_group_mgmt_two",
            "data.aws_availability_zones.available",
            "data.aws_eks_cluster.cluster",
            "data.aws_eks_cluster_auth.cluster",
            "module.eks.aws_cloudwatch_log_group.this",
            "module.eks.aws_eks_cluster.this",
            "module.eks.aws_iam_instance_profile.workers",
            "module.eks.aws_iam_instance_profile.workers_launch_template",
            "module.eks.aws_iam_role.cluster",
            "module.eks.aws_iam_role.workers",
            "module.eks.aws_iam_role_policy_attachment.cluster_AmazonEKSClusterPolicy",
            "module.eks.aws_iam_role_policy_attachment.cluster_AmazonEKSServicePolicy",
            "module.eks.aws_iam_role_policy_attachment.cluster_AmazonEKSVPCResourceControllerPolicy",
            "module.eks.aws_iam_role_policy_attachment.workers_AmazonEC2ContainerRegistryReadOnly",
            "module.eks.aws_iam_role_policy_attachment.workers_AmazonEKSWorkerNodePolicy",
            "module.eks.aws_iam_role_policy_attachment.workers_AmazonEKS_CNI_Policy",
            "module.eks.aws_security_group.cluster",
            "module.eks.aws_security_group.workers",
            "module.eks.aws_security_group_rule.cluster_egress_internet",
            "module.eks.aws_security_group_rule.cluster_https_worker_ingress",
            "module.eks.aws_security_group_rule.cluster_private_access_cidrs_source",
            "module.eks.aws_security_group_rule.cluster_private_access_sg_source",
            "module.eks.data.aws_ami.eks_worker",
            "module.eks.data.aws_ami.eks_worker_windows",
            "module.eks.data.aws_caller_identity.current",
            "module.eks.data.aws_iam_instance_profile.custom_worker_group_iam_instance_profile",
            "module.eks.data.aws_iam_instance_profile.custom_worker_group_launch_template_iam_instance_profile",
            "module.eks.data.aws_iam_policy_document.cluster_assume_role_policy",
            "module.eks.data.aws_iam_policy_document.workers_assume_role_policy",
            "module.eks.data.aws_iam_role.custom_cluster_iam_role",
            "module.eks.data.aws_partition.current",
            "module.eks.data.http.wait_for_cluster",
            "module.eks.module.fargate.aws_iam_role.eks_fargate_pod",
            "module.eks.module.fargate.data.aws_iam_role.custom_fargate_iam_role",
            "module.vpc.aws_subnet.private",
            "module.vpc.aws_vpc.this",
            "module.vpc.aws_vpc_ipv4_cidr_block_association.this",
            "random_string.suffix"
          ]
        }
      ]
    },
    {
      "module": "module.eks",
      "mode": "managed",
      "type": "local_file",
      "name": "kubeconfig",
      "provider": "provider[\"registry.terraform.io/hashicorp/local\"]",
      "instances": [
        {
          "index_key": 0,
          "schema_version": 0,
          "attributes": {
            "content": "apiVersion: v1\npreferences: {}\nkind: Config\n\nclusters:\n- cluster:\n    server: https://A8187AEFBA3FF53FC98B27471917580B.sk1.cn-north-1.eks.amazonaws.com.cn\n    certificate-authority-data: LS0tLS1CRUdJTiBDRVJUSUZJQ0FURS0tLS0tCk1JSUM1ekNDQWMrZ0F3SUJBZ0lCQURBTkJna3Foa2lHOXcwQkFRc0ZBREFWTVJNd0VRWURWUVFERXdwcmRXSmwKY201bGRHVnpNQjRYRFRJeU1ESXhPREV6TWpNeU0xb1hEVE15TURJeE5qRXpNak15TTFvd0ZURVRNQkVHQTFVRQpBeE1LYTNWaVpYSnVaWFJsY3pDQ0FTSXdEUVlKS29aSWh2Y05BUUVCQlFBRGdnRVBBRENDQVFvQ2dnRUJBS3UxCjNEemJ1L2I4OUpoSzQyd05jTmwrMi9HbkRON3cxczdwSVYvNVBYUWlvWVNTQlRBZnJQcnM1UUlvYXdyR01uK0MKRUhOZklkRWxLR2IycGJtdFFWRzUvKzVxV0FpRGhkVlgrU0NKQURTYkZpbVlHZHVEK095dzFzTUtaSDRHY3JuWAo2bHFvQk5tSHg3T2NmOWtSWVBGNkd0a0VCUVN1b1dIYUtUS2FkUEVodjV5bnVLYjVmdmtKc3dLOXRGSDVHdFMxCm1Td0o5WjlHQmdRTE5Vckc0R2ZDM2JXSzBOQmZTY2FXaHdJRDdVZUNGWkE0emJJNythcHZmeFYzOVdKUC8rdkMKMnhnRTcyYzBscHVNUUtuSVJLajRWT0xHeE13ZjlETXAxbzFLdWEzZ3Q0YUZzWjFHSENvZXliNzM1UjcwTDJIcwpXalpiVVh6WHVseGd1RmpUemJNQ0F3RUFBYU5DTUVBd0RnWURWUjBQQVFIL0JBUURBZ0trTUE4R0ExVWRFd0VCCi93UUZNQU1CQWY4d0hRWURWUjBPQkJZRUZDdU9LTW9JV2tjbm5HU1QxaFJtZk9mOTBZVUJNQTBHQ1NxR1NJYjMKRFFFQkN3VUFBNElCQVFBWS81OEJISFRQb2MzNHJtYXBRK3c2NzAxRXU2VDBrcHRSMTZsemRYVDZ1RTJGeHUyNwpqQXpnZVBwdExVZ2tSUXRPVlpNMVgvTnNIeVNlWkNVMC9qYnRhZ1pFN3ZRcUI0Y0Y4b3VkTjhBRkd6RVlBLytECld5SUZMU0p3NjJhUktieWtkRXpYbnFmQkE0YWZXQmJUVXlnSEdJNjFnTEdPQjJxUG44WmJGemJqWXpTOGJuTE0KNnJFNnROK3g4WGtyV2ZFcmRiS1dRbC9keTd2U0dNazFJS09MeDZpYmpJZ2o2aWY4OE16b0ZRcC81QXRCbVJRcAowZS9qVlBWN2I0bjRlRkI2L3RFcnhJaFBtVGJOdlFpMkhjdUtObEc0S1VQOGF2blVqUDg5NXpVc1MvVTZWQnRJCldLM1lHRWpVQ3dvZDFnTXd4OGpuMVhNUlJKenVHblk1MmtPcQotLS0tLUVORCBDRVJUSUZJQ0FURS0tLS0tCg==\n  name: eks_terraform-eks-zjJ4LpE0\n\ncontexts:\n- context:\n    cluster: eks_terraform-eks-zjJ4LpE0\n    user: eks_terraform-eks-zjJ4LpE0\n  name: eks_terraform-eks-zjJ4LpE0\n\ncurrent-context: eks_terraform-eks-zjJ4LpE0\n\nusers:\n- name: eks_terraform-eks-zjJ4LpE0\n  user:\n    exec:\n      apiVersion: client.authentication.k8s.io/v1alpha1\n      command: aws-iam-authenticator\n      args:\n        - \"token\"\n        - \"-i\"\n        - \"terraform-eks-zjJ4LpE0\"\n",
            "content_base64": null,
            "directory_permission": "0755",
            "file_permission": "0600",
            "filename": "./kubeconfig_terraform-eks-zjJ4LpE0",
            "id": "d6e421ca5c132f792e38528345b26813d9b5db26",
            "sensitive_content": null,
            "source": null
          },
          "sensitive_attributes": [],
          "private": "bnVsbA==",
          "dependencies": [
            "data.aws_availability_zones.available",
            "module.eks.aws_cloudwatch_log_group.this",
            "module.eks.aws_eks_cluster.this",
            "module.eks.aws_iam_role.cluster",
            "module.eks.aws_iam_role_policy_attachment.cluster_AmazonEKSClusterPolicy",
            "module.eks.aws_iam_role_policy_attachment.cluster_AmazonEKSServicePolicy",
            "module.eks.aws_iam_role_policy_attachment.cluster_AmazonEKSVPCResourceControllerPolicy",
            "module.eks.aws_security_group.cluster",
            "module.eks.aws_security_group.workers",
            "module.eks.aws_security_group_rule.cluster_egress_internet",
            "module.eks.aws_security_group_rule.cluster_https_worker_ingress",
            "module.eks.data.aws_iam_policy_document.cluster_assume_role_policy",
            "module.eks.data.aws_iam_role.custom_cluster_iam_role",
            "module.eks.data.aws_partition.current",
            "module.vpc.aws_subnet.private",
            "module.vpc.aws_vpc.this",
            "module.vpc.aws_vpc_ipv4_cidr_block_association.this",
            "random_string.suffix"
          ]
        }
      ]
    },
    {
      "module": "module.eks.module.fargate",
      "mode": "data",
      "type": "aws_partition",
      "name": "current",
      "provider": "provider[\"registry.terraform.io/hashicorp/aws\"]",
      "instances": [
        {
          "schema_version": 0,
          "attributes": {
            "dns_suffix": "amazonaws.com.cn",
            "id": "aws-cn",
            "partition": "aws-cn",
            "reverse_dns_prefix": "cn.com.amazonaws"
          },
          "sensitive_attributes": []
        }
      ]
    },
    {
      "module": "module.vpc",
      "mode": "managed",
      "type": "aws_eip",
      "name": "nat",
      "provider": "provider[\"registry.terraform.io/hashicorp/aws\"]",
      "instances": [
        {
          "index_key": 0,
          "schema_version": 0,
          "attributes": {
            "address": null,
            "allocation_id": "eipalloc-02b0a4e37730977ac",
            "associate_with_private_ip": null,
            "association_id": "",
            "carrier_ip": "",
            "customer_owned_ip": "",
            "customer_owned_ipv4_pool": "",
            "domain": "vpc",
            "id": "eipalloc-02b0a4e37730977ac",
            "instance": "",
            "network_border_group": "cn-north-1",
            "network_interface": "",
            "private_dns": null,
            "private_ip": "",
            "public_dns": "ec2-71-132-47-174.cn-north-1.compute.amazonaws.com.cn",
            "public_ip": "71.132.47.174",
            "public_ipv4_pool": "amazon",
            "tags": {
              "Name": "terraform-eks-vpc-cn-north-1a",
              "kubernetes.io/cluster/terraform-eks-zjJ4LpE0": "shared"
            },
            "tags_all": {
              "Name": "terraform-eks-vpc-cn-north-1a",
              "kubernetes.io/cluster/terraform-eks-zjJ4LpE0": "shared"
            },
            "timeouts": null,
            "vpc": true
          },
          "sensitive_attributes": [],
          "private": "eyJlMmJmYjczMC1lY2FhLTExZTYtOGY4OC0zNDM2M2JjN2M0YzAiOnsiZGVsZXRlIjoxODAwMDAwMDAwMDAsInJlYWQiOjkwMDAwMDAwMDAwMCwidXBkYXRlIjozMDAwMDAwMDAwMDB9fQ==",
          "dependencies": [
            "data.aws_availability_zones.available",
            "random_string.suffix"
          ]
        }
      ]
    },
    {
      "module": "module.vpc",
      "mode": "managed",
      "type": "aws_internet_gateway",
      "name": "this",
      "provider": "provider[\"registry.terraform.io/hashicorp/aws\"]",
      "instances": [
        {
          "index_key": 0,
          "schema_version": 0,
          "attributes": {
            "arn": "arn:aws-cn:ec2:cn-north-1:287439122014:internet-gateway/igw-0b2b9e8f360f9216a",
            "id": "igw-0b2b9e8f360f9216a",
            "owner_id": "287439122014",
            "tags": {
              "Name": "terraform-eks-vpc",
              "kubernetes.io/cluster/terraform-eks-zjJ4LpE0": "shared"
            },
            "tags_all": {
              "Name": "terraform-eks-vpc",
              "kubernetes.io/cluster/terraform-eks-zjJ4LpE0": "shared"
            },
            "vpc_id": "vpc-0095bfbc92bd3e5a2"
          },
          "sensitive_attributes": [],
          "private": "bnVsbA==",
          "dependencies": [
            "module.vpc.aws_vpc.this",
            "module.vpc.aws_vpc_ipv4_cidr_block_association.this",
            "random_string.suffix"
          ]
        }
      ]
    },
    {
      "module": "module.vpc",
      "mode": "managed",
      "type": "aws_nat_gateway",
      "name": "this",
      "provider": "provider[\"registry.terraform.io/hashicorp/aws\"]",
      "instances": [
        {
          "index_key": 0,
          "schema_version": 0,
          "attributes": {
            "allocation_id": "eipalloc-02b0a4e37730977ac",
            "connectivity_type": "public",
            "id": "nat-0c08e0dda2131604e",
            "network_interface_id": "eni-0bf25a83a09e50ff8",
            "private_ip": "10.0.4.33",
            "public_ip": "71.132.47.174",
            "subnet_id": "subnet-09f195ca624f899bd",
            "tags": {
              "Name": "terraform-eks-vpc-cn-north-1a",
              "kubernetes.io/cluster/terraform-eks-zjJ4LpE0": "shared"
            },
            "tags_all": {
              "Name": "terraform-eks-vpc-cn-north-1a",
              "kubernetes.io/cluster/terraform-eks-zjJ4LpE0": "shared"
            }
          },
          "sensitive_attributes": [],
          "private": "bnVsbA==",
          "dependencies": [
            "data.aws_availability_zones.available",
            "module.vpc.aws_eip.nat",
            "module.vpc.aws_internet_gateway.this",
            "module.vpc.aws_subnet.public",
            "module.vpc.aws_vpc.this",
            "module.vpc.aws_vpc_ipv4_cidr_block_association.this",
            "random_string.suffix"
          ]
        }
      ]
    },
    {
      "module": "module.vpc",
      "mode": "managed",
      "type": "aws_route",
      "name": "private_nat_gateway",
      "provider": "provider[\"registry.terraform.io/hashicorp/aws\"]",
      "instances": [
        {
          "index_key": 0,
          "schema_version": 0,
          "attributes": {
            "carrier_gateway_id": "",
            "destination_cidr_block": "0.0.0.0/0",
            "destination_ipv6_cidr_block": "",
            "destination_prefix_list_id": "",
            "egress_only_gateway_id": "",
            "gateway_id": "",
            "id": "r-rtb-0dbf1bf9fca65c7e21080289494",
            "instance_id": "",
            "instance_owner_id": "",
            "local_gateway_id": "",
            "nat_gateway_id": "nat-0c08e0dda2131604e",
            "network_interface_id": "",
            "origin": "CreateRoute",
            "route_table_id": "rtb-0dbf1bf9fca65c7e2",
            "state": "active",
            "timeouts": {
              "create": "5m",
              "delete": null,
              "update": null
            },
            "transit_gateway_id": "",
            "vpc_endpoint_id": "",
            "vpc_peering_connection_id": ""
          },
          "sensitive_attributes": [],
          "private": "eyJlMmJmYjczMC1lY2FhLTExZTYtOGY4OC0zNDM2M2JjN2M0YzAiOnsiY3JlYXRlIjozMDAwMDAwMDAwMDAsImRlbGV0ZSI6MzAwMDAwMDAwMDAwLCJ1cGRhdGUiOjEyMDAwMDAwMDAwMH19",
          "dependencies": [
            "data.aws_availability_zones.available",
            "module.vpc.aws_eip.nat",
            "module.vpc.aws_internet_gateway.this",
            "module.vpc.aws_nat_gateway.this",
            "module.vpc.aws_route_table.private",
            "module.vpc.aws_subnet.public",
            "module.vpc.aws_vpc.this",
            "module.vpc.aws_vpc_ipv4_cidr_block_association.this",
            "random_string.suffix"
          ]
        }
      ]
    },
    {
      "module": "module.vpc",
      "mode": "managed",
      "type": "aws_route",
      "name": "public_internet_gateway",
      "provider": "provider[\"registry.terraform.io/hashicorp/aws\"]",
      "instances": [
        {
          "index_key": 0,
          "schema_version": 0,
          "attributes": {
            "carrier_gateway_id": "",
            "destination_cidr_block": "0.0.0.0/0",
            "destination_ipv6_cidr_block": "",
            "destination_prefix_list_id": "",
            "egress_only_gateway_id": "",
            "gateway_id": "igw-0b2b9e8f360f9216a",
            "id": "r-rtb-0c8bf2d74a2d527ef1080289494",
            "instance_id": "",
            "instance_owner_id": "",
            "local_gateway_id": "",
            "nat_gateway_id": "",
            "network_interface_id": "",
            "origin": "CreateRoute",
            "route_table_id": "rtb-0c8bf2d74a2d527ef",
            "state": "active",
            "timeouts": {
              "create": "5m",
              "delete": null,
              "update": null
            },
            "transit_gateway_id": "",
            "vpc_endpoint_id": "",
            "vpc_peering_connection_id": ""
          },
          "sensitive_attributes": [],
          "private": "eyJlMmJmYjczMC1lY2FhLTExZTYtOGY4OC0zNDM2M2JjN2M0YzAiOnsiY3JlYXRlIjozMDAwMDAwMDAwMDAsImRlbGV0ZSI6MzAwMDAwMDAwMDAwLCJ1cGRhdGUiOjEyMDAwMDAwMDAwMH19",
          "dependencies": [
            "module.vpc.aws_internet_gateway.this",
            "module.vpc.aws_route_table.public",
            "module.vpc.aws_vpc.this",
            "module.vpc.aws_vpc_ipv4_cidr_block_association.this",
            "random_string.suffix"
          ]
        }
      ]
    },
    {
      "module": "module.vpc",
      "mode": "managed",
      "type": "aws_route_table",
      "name": "private",
      "provider": "provider[\"registry.terraform.io/hashicorp/aws\"]",
      "instances": [
        {
          "index_key": 0,
          "schema_version": 0,
          "attributes": {
            "arn": "arn:aws-cn:ec2:cn-north-1:287439122014:route-table/rtb-0dbf1bf9fca65c7e2",
            "id": "rtb-0dbf1bf9fca65c7e2",
            "owner_id": "287439122014",
            "propagating_vgws": [],
            "route": [],
            "tags": {
              "Name": "terraform-eks-vpc-private",
              "kubernetes.io/cluster/terraform-eks-zjJ4LpE0": "shared"
            },
            "tags_all": {
              "Name": "terraform-eks-vpc-private",
              "kubernetes.io/cluster/terraform-eks-zjJ4LpE0": "shared"
            },
            "timeouts": null,
            "vpc_id": "vpc-0095bfbc92bd3e5a2"
          },
          "sensitive_attributes": [],
          "private": "eyJlMmJmYjczMC1lY2FhLTExZTYtOGY4OC0zNDM2M2JjN2M0YzAiOnsiY3JlYXRlIjozMDAwMDAwMDAwMDAsImRlbGV0ZSI6MzAwMDAwMDAwMDAwLCJ1cGRhdGUiOjEyMDAwMDAwMDAwMH19",
          "dependencies": [
            "data.aws_availability_zones.available",
            "module.vpc.aws_vpc.this",
            "module.vpc.aws_vpc_ipv4_cidr_block_association.this",
            "random_string.suffix"
          ]
        }
      ]
    },
    {
      "module": "module.vpc",
      "mode": "managed",
      "type": "aws_route_table",
      "name": "public",
      "provider": "provider[\"registry.terraform.io/hashicorp/aws\"]",
      "instances": [
        {
          "index_key": 0,
          "schema_version": 0,
          "attributes": {
            "arn": "arn:aws-cn:ec2:cn-north-1:287439122014:route-table/rtb-0c8bf2d74a2d527ef",
            "id": "rtb-0c8bf2d74a2d527ef",
            "owner_id": "287439122014",
            "propagating_vgws": [],
            "route": [],
            "tags": {
              "Name": "terraform-eks-vpc-public",
              "kubernetes.io/cluster/terraform-eks-zjJ4LpE0": "shared"
            },
            "tags_all": {
              "Name": "terraform-eks-vpc-public",
              "kubernetes.io/cluster/terraform-eks-zjJ4LpE0": "shared"
            },
            "timeouts": null,
            "vpc_id": "vpc-0095bfbc92bd3e5a2"
          },
          "sensitive_attributes": [],
          "private": "eyJlMmJmYjczMC1lY2FhLTExZTYtOGY4OC0zNDM2M2JjN2M0YzAiOnsiY3JlYXRlIjozMDAwMDAwMDAwMDAsImRlbGV0ZSI6MzAwMDAwMDAwMDAwLCJ1cGRhdGUiOjEyMDAwMDAwMDAwMH19",
          "dependencies": [
            "module.vpc.aws_vpc.this",
            "module.vpc.aws_vpc_ipv4_cidr_block_association.this",
            "random_string.suffix"
          ]
        }
      ]
    },
    {
      "module": "module.vpc",
      "mode": "managed",
      "type": "aws_route_table_association",
      "name": "private",
      "provider": "provider[\"registry.terraform.io/hashicorp/aws\"]",
      "instances": [
        {
          "index_key": 0,
          "schema_version": 0,
          "attributes": {
            "gateway_id": "",
            "id": "rtbassoc-0b4568bd8d2ef7974",
            "route_table_id": "rtb-0dbf1bf9fca65c7e2",
            "subnet_id": "subnet-01eb9cf399d1264e4"
          },
          "sensitive_attributes": [],
          "private": "bnVsbA==",
          "dependencies": [
            "data.aws_availability_zones.available",
            "module.vpc.aws_route_table.private",
            "module.vpc.aws_subnet.private",
            "module.vpc.aws_vpc.this",
            "module.vpc.aws_vpc_ipv4_cidr_block_association.this",
            "random_string.suffix"
          ]
        },
        {
          "index_key": 1,
          "schema_version": 0,
          "attributes": {
            "gateway_id": "",
            "id": "rtbassoc-00177f146ad2865aa",
            "route_table_id": "rtb-0dbf1bf9fca65c7e2",
            "subnet_id": "subnet-04ec5cb003e9c2008"
          },
          "sensitive_attributes": [],
          "private": "bnVsbA==",
          "dependencies": [
            "data.aws_availability_zones.available",
            "module.vpc.aws_route_table.private",
            "module.vpc.aws_subnet.private",
            "module.vpc.aws_vpc.this",
            "module.vpc.aws_vpc_ipv4_cidr_block_association.this",
            "random_string.suffix"
          ]
        }
      ]
    },
    {
      "module": "module.vpc",
      "mode": "managed",
      "type": "aws_route_table_association",
      "name": "public",
      "provider": "provider[\"registry.terraform.io/hashicorp/aws\"]",
      "instances": [
        {
          "index_key": 0,
          "schema_version": 0,
          "attributes": {
            "gateway_id": "",
            "id": "rtbassoc-0a46be0311c7ea05c",
            "route_table_id": "rtb-0c8bf2d74a2d527ef",
            "subnet_id": "subnet-09f195ca624f899bd"
          },
          "sensitive_attributes": [],
          "private": "bnVsbA==",
          "dependencies": [
            "data.aws_availability_zones.available",
            "module.vpc.aws_route_table.public",
            "module.vpc.aws_subnet.public",
            "module.vpc.aws_vpc.this",
            "module.vpc.aws_vpc_ipv4_cidr_block_association.this",
            "random_string.suffix"
          ]
        },
        {
          "index_key": 1,
          "schema_version": 0,
          "attributes": {
            "gateway_id": "",
            "id": "rtbassoc-014b10e35a378dcab",
            "route_table_id": "rtb-0c8bf2d74a2d527ef",
            "subnet_id": "subnet-0cce205a8e5009a7f"
          },
          "sensitive_attributes": [],
          "private": "bnVsbA==",
          "dependencies": [
            "data.aws_availability_zones.available",
            "module.vpc.aws_route_table.public",
            "module.vpc.aws_subnet.public",
            "module.vpc.aws_vpc.this",
            "module.vpc.aws_vpc_ipv4_cidr_block_association.this",
            "random_string.suffix"
          ]
        }
      ]
    },
    {
      "module": "module.vpc",
      "mode": "managed",
      "type": "aws_subnet",
      "name": "private",
      "provider": "provider[\"registry.terraform.io/hashicorp/aws\"]",
      "instances": [
        {
          "index_key": 0,
          "schema_version": 1,
          "attributes": {
            "arn": "arn:aws-cn:ec2:cn-north-1:287439122014:subnet/subnet-01eb9cf399d1264e4",
            "assign_ipv6_address_on_creation": false,
            "availability_zone": "cn-north-1a",
            "availability_zone_id": "cnn1-az1",
            "cidr_block": "10.0.1.0/24",
            "customer_owned_ipv4_pool": "",
            "enable_dns64": false,
            "enable_resource_name_dns_a_record_on_launch": false,
            "enable_resource_name_dns_aaaa_record_on_launch": false,
            "id": "subnet-01eb9cf399d1264e4",
            "ipv6_cidr_block": "",
            "ipv6_cidr_block_association_id": "",
            "ipv6_native": false,
            "map_customer_owned_ip_on_launch": false,
            "map_public_ip_on_launch": false,
            "outpost_arn": "",
            "owner_id": "287439122014",
            "private_dns_hostname_type_on_launch": "ip-name",
            "tags": {
              "Name": "terraform-eks-vpc-private-cn-north-1a",
              "kubernetes.io/cluster/terraform-eks-zjJ4LpE0": "shared",
              "kubernetes.io/role/internal-elb": "1"
            },
            "tags_all": {
              "Name": "terraform-eks-vpc-private-cn-north-1a",
              "kubernetes.io/cluster/terraform-eks-zjJ4LpE0": "shared",
              "kubernetes.io/role/internal-elb": "1"
            },
            "timeouts": null,
            "vpc_id": "vpc-0095bfbc92bd3e5a2"
          },
          "sensitive_attributes": [],
          "private": "eyJlMmJmYjczMC1lY2FhLTExZTYtOGY4OC0zNDM2M2JjN2M0YzAiOnsiY3JlYXRlIjo2MDAwMDAwMDAwMDAsImRlbGV0ZSI6MTIwMDAwMDAwMDAwMH0sInNjaGVtYV92ZXJzaW9uIjoiMSJ9",
          "dependencies": [
            "data.aws_availability_zones.available",
            "module.vpc.aws_vpc.this",
            "module.vpc.aws_vpc_ipv4_cidr_block_association.this",
            "random_string.suffix"
          ],
          "create_before_destroy": true
        },
        {
          "index_key": 1,
          "schema_version": 1,
          "attributes": {
            "arn": "arn:aws-cn:ec2:cn-north-1:287439122014:subnet/subnet-04ec5cb003e9c2008",
            "assign_ipv6_address_on_creation": false,
            "availability_zone": "cn-north-1b",
            "availability_zone_id": "cnn1-az2",
            "cidr_block": "10.0.2.0/24",
            "customer_owned_ipv4_pool": "",
            "enable_dns64": false,
            "enable_resource_name_dns_a_record_on_launch": false,
            "enable_resource_name_dns_aaaa_record_on_launch": false,
            "id": "subnet-04ec5cb003e9c2008",
            "ipv6_cidr_block": "",
            "ipv6_cidr_block_association_id": "",
            "ipv6_native": false,
            "map_customer_owned_ip_on_launch": false,
            "map_public_ip_on_launch": false,
            "outpost_arn": "",
            "owner_id": "287439122014",
            "private_dns_hostname_type_on_launch": "ip-name",
            "tags": {
              "Name": "terraform-eks-vpc-private-cn-north-1b",
              "kubernetes.io/cluster/terraform-eks-zjJ4LpE0": "shared",
              "kubernetes.io/role/internal-elb": "1"
            },
            "tags_all": {
              "Name": "terraform-eks-vpc-private-cn-north-1b",
              "kubernetes.io/cluster/terraform-eks-zjJ4LpE0": "shared",
              "kubernetes.io/role/internal-elb": "1"
            },
            "timeouts": null,
            "vpc_id": "vpc-0095bfbc92bd3e5a2"
          },
          "sensitive_attributes": [],
          "private": "eyJlMmJmYjczMC1lY2FhLTExZTYtOGY4OC0zNDM2M2JjN2M0YzAiOnsiY3JlYXRlIjo2MDAwMDAwMDAwMDAsImRlbGV0ZSI6MTIwMDAwMDAwMDAwMH0sInNjaGVtYV92ZXJzaW9uIjoiMSJ9",
          "dependencies": [
            "data.aws_availability_zones.available",
            "module.vpc.aws_vpc.this",
            "module.vpc.aws_vpc_ipv4_cidr_block_association.this",
            "random_string.suffix"
          ],
          "create_before_destroy": true
        }
      ]
    },
    {
      "module": "module.vpc",
      "mode": "managed",
      "type": "aws_subnet",
      "name": "public",
      "provider": "provider[\"registry.terraform.io/hashicorp/aws\"]",
      "instances": [
        {
          "index_key": 0,
          "schema_version": 1,
          "attributes": {
            "arn": "arn:aws-cn:ec2:cn-north-1:287439122014:subnet/subnet-09f195ca624f899bd",
            "assign_ipv6_address_on_creation": false,
            "availability_zone": "cn-north-1a",
            "availability_zone_id": "cnn1-az1",
            "cidr_block": "10.0.4.0/24",
            "customer_owned_ipv4_pool": "",
            "enable_dns64": false,
            "enable_resource_name_dns_a_record_on_launch": false,
            "enable_resource_name_dns_aaaa_record_on_launch": false,
            "id": "subnet-09f195ca624f899bd",
            "ipv6_cidr_block": "",
            "ipv6_cidr_block_association_id": "",
            "ipv6_native": false,
            "map_customer_owned_ip_on_launch": false,
            "map_public_ip_on_launch": true,
            "outpost_arn": "",
            "owner_id": "287439122014",
            "private_dns_hostname_type_on_launch": "ip-name",
            "tags": {
              "Name": "terraform-eks-vpc-public-cn-north-1a",
              "kubernetes.io/cluster/terraform-eks-zjJ4LpE0": "shared",
              "kubernetes.io/role/elb": "1"
            },
            "tags_all": {
              "Name": "terraform-eks-vpc-public-cn-north-1a",
              "kubernetes.io/cluster/terraform-eks-zjJ4LpE0": "shared",
              "kubernetes.io/role/elb": "1"
            },
            "timeouts": null,
            "vpc_id": "vpc-0095bfbc92bd3e5a2"
          },
          "sensitive_attributes": [],
          "private": "eyJlMmJmYjczMC1lY2FhLTExZTYtOGY4OC0zNDM2M2JjN2M0YzAiOnsiY3JlYXRlIjo2MDAwMDAwMDAwMDAsImRlbGV0ZSI6MTIwMDAwMDAwMDAwMH0sInNjaGVtYV92ZXJzaW9uIjoiMSJ9",
          "dependencies": [
            "data.aws_availability_zones.available",
            "module.vpc.aws_vpc.this",
            "module.vpc.aws_vpc_ipv4_cidr_block_association.this",
            "random_string.suffix"
          ]
        },
        {
          "index_key": 1,
          "schema_version": 1,
          "attributes": {
            "arn": "arn:aws-cn:ec2:cn-north-1:287439122014:subnet/subnet-0cce205a8e5009a7f",
            "assign_ipv6_address_on_creation": false,
            "availability_zone": "cn-north-1b",
            "availability_zone_id": "cnn1-az2",
            "cidr_block": "10.0.5.0/24",
            "customer_owned_ipv4_pool": "",
            "enable_dns64": false,
            "enable_resource_name_dns_a_record_on_launch": false,
            "enable_resource_name_dns_aaaa_record_on_launch": false,
            "id": "subnet-0cce205a8e5009a7f",
            "ipv6_cidr_block": "",
            "ipv6_cidr_block_association_id": "",
            "ipv6_native": false,
            "map_customer_owned_ip_on_launch": false,
            "map_public_ip_on_launch": true,
            "outpost_arn": "",
            "owner_id": "287439122014",
            "private_dns_hostname_type_on_launch": "ip-name",
            "tags": {
              "Name": "terraform-eks-vpc-public-cn-north-1b",
              "kubernetes.io/cluster/terraform-eks-zjJ4LpE0": "shared",
              "kubernetes.io/role/elb": "1"
            },
            "tags_all": {
              "Name": "terraform-eks-vpc-public-cn-north-1b",
              "kubernetes.io/cluster/terraform-eks-zjJ4LpE0": "shared",
              "kubernetes.io/role/elb": "1"
            },
            "timeouts": null,
            "vpc_id": "vpc-0095bfbc92bd3e5a2"
          },
          "sensitive_attributes": [],
          "private": "eyJlMmJmYjczMC1lY2FhLTExZTYtOGY4OC0zNDM2M2JjN2M0YzAiOnsiY3JlYXRlIjo2MDAwMDAwMDAwMDAsImRlbGV0ZSI6MTIwMDAwMDAwMDAwMH0sInNjaGVtYV92ZXJzaW9uIjoiMSJ9",
          "dependencies": [
            "data.aws_availability_zones.available",
            "module.vpc.aws_vpc.this",
            "module.vpc.aws_vpc_ipv4_cidr_block_association.this",
            "random_string.suffix"
          ]
        }
      ]
    },
    {
      "module": "module.vpc",
      "mode": "managed",
      "type": "aws_vpc",
      "name": "this",
      "provider": "provider[\"registry.terraform.io/hashicorp/aws\"]",
      "instances": [
        {
          "index_key": 0,
          "schema_version": 1,
          "attributes": {
            "arn": "arn:aws-cn:ec2:cn-north-1:287439122014:vpc/vpc-0095bfbc92bd3e5a2",
            "assign_generated_ipv6_cidr_block": false,
            "cidr_block": "10.0.0.0/16",
            "default_network_acl_id": "acl-036d7dd73c87ffd91",
            "default_route_table_id": "rtb-0da09a3a73fccfb1a",
            "default_security_group_id": "sg-0cfb5fc4b863e522a",
            "dhcp_options_id": "dopt-b84846dd",
            "enable_classiclink": false,
            "enable_classiclink_dns_support": false,
            "enable_dns_hostnames": true,
            "enable_dns_support": true,
            "id": "vpc-0095bfbc92bd3e5a2",
            "instance_tenancy": "default",
            "ipv4_ipam_pool_id": null,
            "ipv4_netmask_length": null,
            "ipv6_association_id": "",
            "ipv6_cidr_block": "",
            "ipv6_cidr_block_network_border_group": "",
            "ipv6_ipam_pool_id": "",
            "ipv6_netmask_length": 0,
            "main_route_table_id": "rtb-0da09a3a73fccfb1a",
            "owner_id": "287439122014",
            "tags": {
              "Name": "terraform-eks-vpc",
              "kubernetes.io/cluster/terraform-eks-zjJ4LpE0": "shared"
            },
            "tags_all": {
              "Name": "terraform-eks-vpc",
              "kubernetes.io/cluster/terraform-eks-zjJ4LpE0": "shared"
            }
          },
          "sensitive_attributes": [],
          "private": "eyJzY2hlbWFfdmVyc2lvbiI6IjEifQ==",
          "dependencies": [
            "random_string.suffix"
          ],
          "create_before_destroy": true
        }
      ]
    }
  ]
}
